
Microsoft Visual Studio Solution File, Format Version 12.00
# Visual Studio Version 17
VisualStudioVersion = 17.2.32630.192
MinimumVisualStudioVersion = 10.0.40219.1
Project("{9A19103F-16F7-4668-BE54-9A1E7A4F7556}") = "D8S.S0010", "D8S.S0010\D8S.S0010.csproj", "{1ACA4C57-5009-4890-9A32-95B11F965AED}"
EndProject
Project("{2150E333-8FDC-42A3-9474-1A3956D46DE8}") = "_Dependencies", "_Dependencies", "{EC03B486-E17F-42B0-93CB-DB7BD733024C}"
EndProject
Project("{9A19103F-16F7-4668-BE54-9A1E7A4F7556}") = "R5T.F0000", "..\..\..\SafetyCone\R5T.F0000\source\R5T.F0000\R5T.F0000.csproj", "{19E30872-C435-4ADD-AE0B-E2E9F3B5B992}"
EndProject
Project("{9A19103F-16F7-4668-BE54-9A1E7A4F7556}") = "R5T.F0002", "..\..\..\SafetyCone\R5T.F0002\source\R5T.F0002\R5T.F0002.csproj", "{C01922A1-1980-46FB-A17B-025904168872}"
EndProject
Project("{9A19103F-16F7-4668-BE54-9A1E7A4F7556}") = "R5T.F0020", "..\..\..\SafetyCone\R5T.F0020\source\R5T.F0020\R5T.F0020.csproj", "{164E3B5E-5C91-46DF-A2FC-D55CBE26AD50}"
EndProject
Project("{9A19103F-16F7-4668-BE54-9A1E7A4F7556}") = "R5T.F0033.Platform", "..\..\..\SafetyCone\R5T.F0033\source\R5T.F0033.Platform\R5T.F0033.Platform.csproj", "{63DBB5E0-FF68-4DA1-BD68-0A52406DB9C8}"
EndProject
Project("{9A19103F-16F7-4668-BE54-9A1E7A4F7556}") = "R5T.F0033", "..\..\..\SafetyCone\R5T.F0033\source\R5T.F0033\R5T.F0033.csproj", "{F35C673F-CC07-43E9-81A9-9D5E8697B4AD}"
EndProject
Project("{9A19103F-16F7-4668-BE54-9A1E7A4F7556}") = "R5T.F0034.Platform", "..\..\..\SafetyCone\R5T.F0034\source\R5T.F0034.Platform\R5T.F0034.Platform.csproj", "{E94F63E1-1A32-41F2-BAE3-EF898E72228A}"
EndProject
Project("{9A19103F-16F7-4668-BE54-9A1E7A4F7556}") = "R5T.F0034", "..\..\..\SafetyCone\R5T.F0034\source\R5T.F0034\R5T.F0034.csproj", "{B1A056C2-B34B-4481-AFF9-75A8818F59B3}"
EndProject
Project("{9A19103F-16F7-4668-BE54-9A1E7A4F7556}") = "R5T.F0035.F001", "..\..\..\SafetyCone\R5T.F0035\source\R5T.F0035.F001\R5T.F0035.F001.csproj", "{95A2007B-09D2-471B-9AB0-BC4E23F8E1D2}"
EndProject
Project("{9A19103F-16F7-4668-BE54-9A1E7A4F7556}") = "R5T.F0040.F000", "..\..\..\SafetyCone\R5T.F0040\source\R5T.F0040.F000\R5T.F0040.F000.csproj", "{068E6BBC-260E-42DC-83F0-6A1CB890F272}"
EndProject
Project("{9A19103F-16F7-4668-BE54-9A1E7A4F7556}") = "R5T.F0040", "..\..\..\SafetyCone\R5T.F0040\source\R5T.F0040\R5T.F0040.csproj", "{03D920AC-2743-4FF1-8F8B-EFEE76B859E9}"
EndProject
Project("{9A19103F-16F7-4668-BE54-9A1E7A4F7556}") = "R5T.F0059", "..\..\..\SafetyCone\R5T.F0059\source\R5T.F0059\R5T.F0059.csproj", "{A5CE7673-D7AE-4479-8205-4CF06B887B6E}"
EndProject
Project("{9A19103F-16F7-4668-BE54-9A1E7A4F7556}") = "R5T.F0120", "..\..\..\SafetyCone\R5T.F0120\source\R5T.F0120\R5T.F0120.csproj", "{5EFCAD67-DE69-46AF-B493-6C74A18EA71C}"
EndProject
Project("{9A19103F-16F7-4668-BE54-9A1E7A4F7556}") = "R5T.F0124", "..\..\..\SafetyCone\R5T.F0124\source\R5T.F0124\R5T.F0124.csproj", "{2906EBB6-5E16-4BF6-B260-04100BFA2B95}"
EndProject
Project("{9A19103F-16F7-4668-BE54-9A1E7A4F7556}") = "R5T.F0125", "..\..\..\SafetyCone\R5T.F0125\source\R5T.F0125\R5T.F0125.csproj", "{1AE78E2F-07B6-4FE8-9565-DE419C45C063}"
EndProject
Project("{9A19103F-16F7-4668-BE54-9A1E7A4F7556}") = "R5T.F0138", "..\..\..\SafetyCone\R5T.F0138\source\R5T.F0138\R5T.F0138.csproj", "{9B2C4ED8-8618-47A3-BBEF-95EF2E4E3271}"
EndProject
Project("{9A19103F-16F7-4668-BE54-9A1E7A4F7556}") = "R5T.F0139", "..\..\..\SafetyCone\R5T.F0139\source\R5T.F0139\R5T.F0139.csproj", "{208134CF-921C-450B-A539-91A65D0D8BD4}"
EndProject
Project("{9A19103F-16F7-4668-BE54-9A1E7A4F7556}") = "R5T.F0140", "..\..\..\SafetyCone\R5T.F0140\source\R5T.F0140\R5T.F0140.csproj", "{C8572310-3367-4F35-B18C-AA94F1AE6766}"
EndProject
Project("{9A19103F-16F7-4668-BE54-9A1E7A4F7556}") = "R5T.L0030.T000", "..\..\..\SafetyCone\R5T.L0030\source\R5T.L0030.T000\R5T.L0030.T000.csproj", "{92A77699-B473-45E2-92A8-FDC5B2E5A2FC}"
EndProject
Project("{9A19103F-16F7-4668-BE54-9A1E7A4F7556}") = "R5T.L0030", "..\..\..\SafetyCone\R5T.L0030\source\R5T.L0030\R5T.L0030.csproj", "{81C3F56B-A5B8-4820-8124-C769D2E94F83}"
EndProject
Project("{9A19103F-16F7-4668-BE54-9A1E7A4F7556}") = "R5T.L0032.T000", "..\..\..\SafetyCone\R5T.L0032\source\R5T.L0032.T000\R5T.L0032.T000.csproj", "{B1EDAA34-63B2-422B-A656-3CA6FE3DFAF1}"
EndProject
Project("{9A19103F-16F7-4668-BE54-9A1E7A4F7556}") = "R5T.L0034", "..\..\..\SafetyCone\R5T.L0034\source\R5T.L0034\R5T.L0034.csproj", "{5611844A-23FA-4393-ABFE-FE3E506ADA97}"
EndProject
Project("{9A19103F-16F7-4668-BE54-9A1E7A4F7556}") = "R5T.L0035", "..\..\..\SafetyCone\R5T.L0035\source\R5T.L0035\R5T.L0035.csproj", "{F6711C43-8E03-4B0C-9734-267773815B2F}"
EndProject
Project("{9A19103F-16F7-4668-BE54-9A1E7A4F7556}") = "R5T.L0053", "..\..\..\SafetyCone\R5T.L0053\source\R5T.L0053\R5T.L0053.csproj", "{CBF135B6-688E-4469-987D-35A6D785E41A}"
EndProject
Project("{9A19103F-16F7-4668-BE54-9A1E7A4F7556}") = "R5T.L0055", "..\..\..\SafetyCone\R5T.L0055\source\R5T.L0055\R5T.L0055.csproj", "{F3C844B1-6D5E-479A-826C-CC1F40567C61}"
EndProject
Project("{9A19103F-16F7-4668-BE54-9A1E7A4F7556}") = "R5T.L0056", "..\..\..\SafetyCone\R5T.L0056\source\R5T.L0056\R5T.L0056.csproj", "{F43D8757-7E32-4464-BDAB-ABD381189647}"
EndProject
Project("{9A19103F-16F7-4668-BE54-9A1E7A4F7556}") = "R5T.L0057", "..\..\..\SafetyCone\R5T.L0057\source\R5T.L0057\R5T.L0057.csproj", "{209D79E4-33DF-4528-B34C-B80CF3CE2FD0}"
EndProject
Project("{9A19103F-16F7-4668-BE54-9A1E7A4F7556}") = "R5T.L0058", "..\..\..\SafetyCone\R5T.L0058\source\R5T.L0058\R5T.L0058.csproj", "{01D79E24-E1FF-47B3-A834-B6DD3610F7F9}"
EndProject
Project("{9A19103F-16F7-4668-BE54-9A1E7A4F7556}") = "R5T.L0061", "..\..\..\SafetyCone\R5T.L0061\source\R5T.L0061\R5T.L0061.csproj", "{0995CC9B-2E6F-4036-BF79-A4DA9A5588AE}"
EndProject
Project("{9A19103F-16F7-4668-BE54-9A1E7A4F7556}") = "R5T.L0064.F001", "..\..\..\SafetyCone\R5T.L0064\source\R5T.L0064.F001\R5T.L0064.F001.csproj", "{9B05F42B-F000-4631-99B4-C2F75123A6D4}"
EndProject
Project("{9A19103F-16F7-4668-BE54-9A1E7A4F7556}") = "R5T.L0066", "..\..\..\SafetyCone\R5T.L0066\source\R5T.L0066\R5T.L0066.csproj", "{6707C2C8-DCBD-4A2C-BCEA-31BD07663101}"
EndProject
Project("{9A19103F-16F7-4668-BE54-9A1E7A4F7556}") = "R5T.NG0002", "..\..\..\SafetyCone\R5T.NG0002\source\R5T.NG0002\R5T.NG0002.csproj", "{315A253E-1C00-4C4C-BE3E-DD2FC06A0C71}"
EndProject
Project("{9A19103F-16F7-4668-BE54-9A1E7A4F7556}") = "R5T.NG0006", "..\..\..\SafetyCone\R5T.NG0006\source\R5T.NG0006\R5T.NG0006.csproj", "{6FAA546B-BEC5-4170-89CA-2B5528824064}"
EndProject
Project("{9A19103F-16F7-4668-BE54-9A1E7A4F7556}") = "R5T.NG0007", "..\..\..\SafetyCone\R5T.NG0007\source\R5T.NG0007\R5T.NG0007.csproj", "{04602A03-D918-494B-B974-8E41F59F848E}"
EndProject
Project("{9A19103F-16F7-4668-BE54-9A1E7A4F7556}") = "R5T.NG0010", "..\..\..\SafetyCone\R5T.NG0010\source\R5T.NG0010\R5T.NG0010.csproj", "{5F6A1BFA-92E3-4230-96DC-1962B97369C1}"
EndProject
Project("{9A19103F-16F7-4668-BE54-9A1E7A4F7556}") = "R5T.NG0022", "..\..\..\SafetyCone\R5T.NG0022\source\R5T.NG0022\R5T.NG0022.csproj", "{34E40E5D-9B98-4171-8EB2-CAAB01383ED8}"
EndProject
Project("{9A19103F-16F7-4668-BE54-9A1E7A4F7556}") = "R5T.T0131", "..\..\..\SafetyCone\R5T.T0131\source\R5T.T0131\R5T.T0131.csproj", "{CB860679-9B22-404B-9CD6-2FEB30DA327C}"
EndProject
Project("{9A19103F-16F7-4668-BE54-9A1E7A4F7556}") = "R5T.T0132", "..\..\..\SafetyCone\R5T.T0132\source\R5T.T0132\R5T.T0132.csproj", "{9803F228-9CAA-4D8F-B8B4-34B8EA07F1D5}"
EndProject
Project("{9A19103F-16F7-4668-BE54-9A1E7A4F7556}") = "R5T.T0141", "..\..\..\SafetyCone\R5T.T0141\source\R5T.T0141\R5T.T0141.csproj", "{37207045-B601-4829-ACA4-87EF130E3EC5}"
EndProject
Project("{9A19103F-16F7-4668-BE54-9A1E7A4F7556}") = "R5T.T0142", "..\..\..\SafetyCone\R5T.T0142\source\R5T.T0142\R5T.T0142.csproj", "{D064D3E0-DED2-435D-96B8-F7946BBBB02C}"
EndProject
Project("{9A19103F-16F7-4668-BE54-9A1E7A4F7556}") = "R5T.T0143", "..\..\..\SafetyCone\R5T.T0143\source\R5T.T0143\R5T.T0143.csproj", "{AEEB66A4-9599-43C8-A634-9767AB1BD6AC}"
EndProject
Project("{9A19103F-16F7-4668-BE54-9A1E7A4F7556}") = "R5T.T0148", "..\..\..\SafetyCone\R5T.T0148\source\R5T.T0148\R5T.T0148.csproj", "{D1846F2D-E757-4DC9-B1CE-7C281E3061B5}"
EndProject
Project("{9A19103F-16F7-4668-BE54-9A1E7A4F7556}") = "R5T.T0150", "..\..\..\SafetyCone\R5T.T0150\source\R5T.T0150\R5T.T0150.csproj", "{A1A87A60-48D4-4B68-8C7D-7F042AF8AC4A}"
EndProject
Project("{9A19103F-16F7-4668-BE54-9A1E7A4F7556}") = "R5T.T0151", "..\..\..\SafetyCone\R5T.T0151\source\R5T.T0151\R5T.T0151.csproj", "{F8B6B254-6A35-4667-BA6F-4995E074299E}"
EndProject
Project("{9A19103F-16F7-4668-BE54-9A1E7A4F7556}") = "R5T.T0152", "..\..\..\SafetyCone\R5T.T0152\source\R5T.T0152\R5T.T0152.csproj", "{EA2A18E9-900E-48F8-B0C4-83A123F3C82B}"
EndProject
Project("{9A19103F-16F7-4668-BE54-9A1E7A4F7556}") = "R5T.T0156", "..\..\..\SafetyCone\R5T.T0156\source\R5T.T0156\R5T.T0156.csproj", "{CD36E5A4-5F89-4838-9EB2-2854AD3B591D}"
EndProject
Project("{9A19103F-16F7-4668-BE54-9A1E7A4F7556}") = "R5T.T0158.F000", "..\..\..\SafetyCone\R5T.T0158\source\R5T.T0158.F000\R5T.T0158.F000.csproj", "{DEAE984A-ED19-48F4-97E0-8CAB66A8E67F}"
EndProject
Project("{9A19103F-16F7-4668-BE54-9A1E7A4F7556}") = "R5T.T0158.T000", "..\..\..\SafetyCone\R5T.T0158\source\R5T.T0158.T000\R5T.T0158.T000.csproj", "{3822F898-FDE9-4A28-AC74-024A2E3E8CF4}"
EndProject
Project("{9A19103F-16F7-4668-BE54-9A1E7A4F7556}") = "R5T.T0158", "..\..\..\SafetyCone\R5T.T0158\source\R5T.T0158\R5T.T0158.csproj", "{2AF80E52-4FF7-45ED-81B8-8777FF1E6BD9}"
EndProject
Project("{9A19103F-16F7-4668-BE54-9A1E7A4F7556}") = "R5T.T0159.F000", "..\..\..\SafetyCone\R5T.T0159\source\R5T.T0159.F000\R5T.T0159.F000.csproj", "{3E7F09C0-2C57-4E67-BF37-3698EA96ED89}"
EndProject
Project("{9A19103F-16F7-4668-BE54-9A1E7A4F7556}") = "R5T.T0159", "..\..\..\SafetyCone\R5T.T0159\source\R5T.T0159\R5T.T0159.csproj", "{4E679A8F-3CF7-4399-80FA-448F9F9D6ECD}"
EndProject
Project("{9A19103F-16F7-4668-BE54-9A1E7A4F7556}") = "R5T.T0161", "..\..\..\SafetyCone\R5T.T0161\source\R5T.T0161\R5T.T0161.csproj", "{3B798394-9B7B-4002-8F76-213FB829B2B1}"
EndProject
Project("{9A19103F-16F7-4668-BE54-9A1E7A4F7556}") = "R5T.T0172", "..\..\..\SafetyCone\R5T.T0172\source\R5T.T0172\R5T.T0172.csproj", "{3CE680BA-824A-4F85-B626-ABB7C04D87F4}"
EndProject
Project("{9A19103F-16F7-4668-BE54-9A1E7A4F7556}") = "R5T.T0174", "..\..\..\SafetyCone\R5T.T0174\source\R5T.T0174\R5T.T0174.csproj", "{61BACFD0-C93C-466C-A869-5DB528B86AA7}"
EndProject
Project("{9A19103F-16F7-4668-BE54-9A1E7A4F7556}") = "R5T.T0176", "..\..\..\SafetyCone\R5T.T0176\source\R5T.T0176\R5T.T0176.csproj", "{1CACB9AD-2582-4903-A60A-4A880491270D}"
EndProject
Project("{9A19103F-16F7-4668-BE54-9A1E7A4F7556}") = "R5T.T0177", "..\..\..\SafetyCone\R5T.T0177\source\R5T.T0177\R5T.T0177.csproj", "{906F635E-3FE5-46B3-A774-C3B5A897FC3A}"
EndProject
Project("{9A19103F-16F7-4668-BE54-9A1E7A4F7556}") = "R5T.T0178", "..\..\..\SafetyCone\R5T.T0178\source\R5T.T0178\R5T.T0178.csproj", "{1313DCE4-9793-4FB8-8A6A-46CECDE52375}"
EndProject
Project("{9A19103F-16F7-4668-BE54-9A1E7A4F7556}") = "R5T.T0179", "..\..\..\SafetyCone\R5T.T0179\source\R5T.T0179\R5T.T0179.csproj", "{FE4F0DA1-9C17-484B-A8DA-991A26C660DD}"
EndProject
Project("{9A19103F-16F7-4668-BE54-9A1E7A4F7556}") = "R5T.T0180", "..\..\..\SafetyCone\R5T.T0180\source\R5T.T0180\R5T.T0180.csproj", "{AB00B2E1-B640-4A3E-BEB4-301C10F6140C}"
EndProject
Project("{9A19103F-16F7-4668-BE54-9A1E7A4F7556}") = "R5T.T0181", "..\..\..\SafetyCone\R5T.T0181\source\R5T.T0181\R5T.T0181.csproj", "{91E18582-77F2-472E-B3BD-E0F23CC4E1BB}"
EndProject
Project("{9A19103F-16F7-4668-BE54-9A1E7A4F7556}") = "R5T.T0184", "..\..\..\SafetyCone\R5T.T0184\source\R5T.T0184\R5T.T0184.csproj", "{B48687E8-E8F0-40B2-8E20-C5D36065EDCD}"
EndProject
Project("{9A19103F-16F7-4668-BE54-9A1E7A4F7556}") = "R5T.T0185", "..\..\..\SafetyCone\R5T.T0185\source\R5T.T0185\R5T.T0185.csproj", "{D42E3BEC-77BA-4B37-BC06-B155FE14C6B6}"
EndProject
Project("{9A19103F-16F7-4668-BE54-9A1E7A4F7556}") = "R5T.T0186", "..\..\..\SafetyCone\R5T.T0186\source\R5T.T0186\R5T.T0186.csproj", "{53D23997-5ADD-4275-9BB8-73017B478F81}"
EndProject
Project("{9A19103F-16F7-4668-BE54-9A1E7A4F7556}") = "R5T.T0187", "..\..\..\SafetyCone\R5T.T0187\source\R5T.T0187\R5T.T0187.csproj", "{9B29572C-15BD-4B3B-ADDA-F3070E5CB8C5}"
EndProject
Project("{9A19103F-16F7-4668-BE54-9A1E7A4F7556}") = "R5T.T0196", "..\..\..\SafetyCone\R5T.T0196\source\R5T.T0196\R5T.T0196.csproj", "{7EE5D527-5C87-4C97-88BB-CC2AAFA7E2BA}"
EndProject
Project("{9A19103F-16F7-4668-BE54-9A1E7A4F7556}") = "R5T.T0197", "..\..\..\SafetyCone\R5T.T0197\source\R5T.T0197\R5T.T0197.csproj", "{E484E102-2815-4804-8AE6-F2D0F67DA9A9}"
EndProject
Project("{9A19103F-16F7-4668-BE54-9A1E7A4F7556}") = "R5T.T0198", "..\..\..\SafetyCone\R5T.T0198\source\R5T.T0198\R5T.T0198.csproj", "{851D140C-F1C8-4D00-B5EF-2E92052D532D}"
EndProject
Project("{9A19103F-16F7-4668-BE54-9A1E7A4F7556}") = "R5T.T0199", "..\..\..\SafetyCone\R5T.T0199\source\R5T.T0199\R5T.T0199.csproj", "{BD30E8FB-DB7A-4E96-8378-D894D68CF314}"
EndProject
Project("{9A19103F-16F7-4668-BE54-9A1E7A4F7556}") = "R5T.T0200", "..\..\..\SafetyCone\R5T.T0200\source\R5T.T0200\R5T.T0200.csproj", "{6866223B-4F05-41B7-9613-CBC1344D2A1A}"
EndProject
Project("{9A19103F-16F7-4668-BE54-9A1E7A4F7556}") = "R5T.T0203", "..\..\..\SafetyCone\R5T.T0203\source\R5T.T0203\R5T.T0203.csproj", "{4D47B97C-ED86-469B-BD92-3628E3CEE9B8}"
EndProject
Project("{9A19103F-16F7-4668-BE54-9A1E7A4F7556}") = "R5T.T0213", "..\..\..\SafetyCone\R5T.T0213\source\R5T.T0213\R5T.T0213.csproj", "{923DC4D9-BA83-4258-A38B-5046B3641E4A}"
EndProject
Project("{9A19103F-16F7-4668-BE54-9A1E7A4F7556}") = "R5T.T0214.Z001", "..\..\..\SafetyCone\R5T.T0214\source\R5T.T0214.Z001\R5T.T0214.Z001.csproj", "{86CBFC76-31F4-4DAB-A57C-BB9AA048B93A}"
EndProject
Project("{9A19103F-16F7-4668-BE54-9A1E7A4F7556}") = "R5T.T0214", "..\..\..\SafetyCone\R5T.T0214\source\R5T.T0214\R5T.T0214.csproj", "{B7B7D770-C763-4EDF-8467-BACABBD10A2B}"
EndProject
Project("{9A19103F-16F7-4668-BE54-9A1E7A4F7556}") = "R5T.T0215.Z000", "..\..\..\SafetyCone\R5T.T0215\source\R5T.T0215.Z000\R5T.T0215.Z000.csproj", "{8D0E0453-CC57-40A9-A17C-6D5ECA95698A}"
EndProject
Project("{9A19103F-16F7-4668-BE54-9A1E7A4F7556}") = "R5T.T0215", "..\..\..\SafetyCone\R5T.T0215\source\R5T.T0215\R5T.T0215.csproj", "{F540CFCF-23AF-4B75-8656-216CEF4624BC}"
EndProject
Project("{9A19103F-16F7-4668-BE54-9A1E7A4F7556}") = "R5T.T0216.F001", "..\..\..\SafetyCone\R5T.T0216\source\R5T.T0216.F001\R5T.T0216.F001.csproj", "{872B32CE-D95E-446D-B8E5-0361DB069DE3}"
EndProject
Project("{9A19103F-16F7-4668-BE54-9A1E7A4F7556}") = "R5T.T0216", "..\..\..\SafetyCone\R5T.T0216\source\R5T.T0216\R5T.T0216.csproj", "{A0B9C20F-AA4E-4AC4-A5FD-5A59B6DC239D}"
EndProject
Project("{9A19103F-16F7-4668-BE54-9A1E7A4F7556}") = "R5T.T0217.F001", "..\..\..\SafetyCone\R5T.T0217\source\R5T.T0217.F001\R5T.T0217.F001.csproj", "{D7BD9EBE-CA42-445E-B582-DB6531BEDAFB}"
EndProject
Project("{9A19103F-16F7-4668-BE54-9A1E7A4F7556}") = "R5T.T0217", "..\..\..\SafetyCone\R5T.T0217\source\R5T.T0217\R5T.T0217.csproj", "{52BB4DCB-4972-44CA-859B-5080B00D646A}"
EndProject
Project("{9A19103F-16F7-4668-BE54-9A1E7A4F7556}") = "R5T.T0218", "..\..\..\SafetyCone\R5T.T0218\source\R5T.T0218\R5T.T0218.csproj", "{D43512E5-8284-4D37-95C2-FCD0BA2976D1}"
EndProject
Project("{9A19103F-16F7-4668-BE54-9A1E7A4F7556}") = "R5T.T0219", "..\..\..\SafetyCone\R5T.T0219\source\R5T.T0219\R5T.T0219.csproj", "{2F9F64D4-CC6C-4F90-87DB-B118ACECD4BE}"
EndProject
Project("{9A19103F-16F7-4668-BE54-9A1E7A4F7556}") = "R5T.T0220", "..\..\..\SafetyCone\R5T.T0220\source\R5T.T0220\R5T.T0220.csproj", "{E3482449-5993-499A-951F-A742887FAFB5}"
EndProject
Project("{9A19103F-16F7-4668-BE54-9A1E7A4F7556}") = "R5T.T0221", "..\..\..\SafetyCone\R5T.T0221\source\R5T.T0221\R5T.T0221.csproj", "{B09D9240-79AF-486E-A8E1-EA08F17BFE7E}"
EndProject
Project("{9A19103F-16F7-4668-BE54-9A1E7A4F7556}") = "R5T.T0224", "..\..\..\SafetyCone\R5T.T0224\source\R5T.T0224\R5T.T0224.csproj", "{F61B0E27-6EC8-479A-9C4C-162FACC98A06}"
EndProject
Project("{9A19103F-16F7-4668-BE54-9A1E7A4F7556}") = "R5T.T0227", "..\..\..\SafetyCone\R5T.T0227\source\R5T.T0227\R5T.T0227.csproj", "{8417EB82-70FA-4A28-BF57-C27C46B05BF2}"
EndProject
Project("{9A19103F-16F7-4668-BE54-9A1E7A4F7556}") = "R5T.Y0000", "..\..\..\SafetyCone\R5T.Y0000\source\R5T.Y0000\R5T.Y0000.csproj", "{D1F7D3EB-FD39-4C4E-8D30-72B5D4C10DE5}"
EndProject
Project("{9A19103F-16F7-4668-BE54-9A1E7A4F7556}") = "R5T.Y0006", "..\..\..\SafetyCone\R5T.Y0006\source\R5T.Y0006\R5T.Y0006.csproj", "{DA811A97-B738-4969-905F-E29336BAEF22}"
EndProject
Project("{9A19103F-16F7-4668-BE54-9A1E7A4F7556}") = "R5T.Z0000", "..\..\..\SafetyCone\R5T.Z0000\source\R5T.Z0000\R5T.Z0000.csproj", "{D179113D-888A-4EF0-A318-00969EB714A2}"
EndProject
Project("{9A19103F-16F7-4668-BE54-9A1E7A4F7556}") = "R5T.Z0010.Platform", "..\..\..\SafetyCone\R5T.Z0010\source\R5T.Z0010.Platform\R5T.Z0010.Platform.csproj", "{B5BE0586-25B3-4107-9D9D-5EEF238B8693}"
EndProject
Project("{9A19103F-16F7-4668-BE54-9A1E7A4F7556}") = "R5T.Z0010", "..\..\..\SafetyCone\R5T.Z0010\source\R5T.Z0010\R5T.Z0010.csproj", "{F95D1B3D-032B-4B86-81E5-9FD5D3F9BE45}"
EndProject
Project("{9A19103F-16F7-4668-BE54-9A1E7A4F7556}") = "R5T.Z0012", "..\..\..\SafetyCone\R5T.Z0012\source\R5T.Z0012\R5T.Z0012.csproj", "{D791E93F-D714-4D26-8ECB-E2D991C4A352}"
EndProject
Project("{9A19103F-16F7-4668-BE54-9A1E7A4F7556}") = "R5T.Z0044.Z000", "..\..\..\SafetyCone\R5T.Z0044\source\R5T.Z0044.Z000\R5T.Z0044.Z000.csproj", "{92D83007-7833-4FB6-BFF9-8120E9D9512C}"
EndProject
Project("{9A19103F-16F7-4668-BE54-9A1E7A4F7556}") = "R5T.Z0046.Platform", "..\..\..\SafetyCone\R5T.Z0046\source\R5T.Z0046.Platform\R5T.Z0046.Platform.csproj", "{1CE1ADB5-4908-4BD5-9BAD-5971F0C7E9CE}"
EndProject
Project("{9A19103F-16F7-4668-BE54-9A1E7A4F7556}") = "R5T.Z0046", "..\..\..\SafetyCone\R5T.Z0046\source\R5T.Z0046\R5T.Z0046.csproj", "{C4B00FC4-7CEA-41C1-A076-948EDF1664F0}"
EndProject
Project("{9A19103F-16F7-4668-BE54-9A1E7A4F7556}") = "R5T.Z0057.Platform", "..\..\..\SafetyCone\R5T.Z0057\source\R5T.Z0057.Platform\R5T.Z0057.Platform.csproj", "{1DCE968B-730C-480E-8C26-6944D7156A4B}"
EndProject
Project("{9A19103F-16F7-4668-BE54-9A1E7A4F7556}") = "R5T.Z0057", "..\..\..\SafetyCone\R5T.Z0057\source\R5T.Z0057\R5T.Z0057.csproj", "{47F2E73F-CCCD-4FA6-A951-4C9CA2802216}"
EndProject
Project("{9A19103F-16F7-4668-BE54-9A1E7A4F7556}") = "R5T.Z0058", "..\..\..\SafetyCone\R5T.Z0058\source\R5T.Z0058\R5T.Z0058.csproj", "{FA5F9182-33A7-4922-B03F-819213787D94}"
EndProject
Project("{9A19103F-16F7-4668-BE54-9A1E7A4F7556}") = "R5T.Z0063.Platform", "..\..\..\SafetyCone\R5T.Z0063\source\R5T.Z0063.Platform\R5T.Z0063.Platform.csproj", "{0756FA40-8AE3-4194-8BE4-5769D45A5F97}"
EndProject
Project("{9A19103F-16F7-4668-BE54-9A1E7A4F7556}") = "R5T.Z0063", "..\..\..\SafetyCone\R5T.Z0063\source\R5T.Z0063\R5T.Z0063.csproj", "{06348664-F06E-42CB-817B-63C9C066F04D}"
EndProject
Project("{9A19103F-16F7-4668-BE54-9A1E7A4F7556}") = "R5T.L0033.T000", "..\..\..\SafetyCone\R5T.L0033\source\R5T.L0033.T000\R5T.L0033.T000.csproj", "{EC66C9F5-7B53-4966-A8BC-7789EDC8033E}"
EndProject
Project("{9A19103F-16F7-4668-BE54-9A1E7A4F7556}") = "R5T.T0137", "..\..\..\SafetyCone\R5T.T0137\source\R5T.T0137\R5T.T0137.csproj", "{88C9FC88-3A21-4B61-B11D-9CBDF2589B64}"
EndProject
Project("{9A19103F-16F7-4668-BE54-9A1E7A4F7556}") = "R5T.T0194", "..\..\..\SafetyCone\R5T.T0194\source\R5T.T0194\R5T.T0194.csproj", "{81235948-2630-4A29-81CD-9FEF2A610578}"
EndProject
Project("{9A19103F-16F7-4668-BE54-9A1E7A4F7556}") = "R5T.L0032.F001", "..\..\..\SafetyCone\R5T.L0032\source\R5T.L0032.F001\R5T.L0032.F001.csproj", "{BA746452-F0B7-4A11-AEE3-84B5FBC84AF0}"
EndProject
Project("{9A19103F-16F7-4668-BE54-9A1E7A4F7556}") = "R5T.L0032.Z000", "..\..\..\SafetyCone\R5T.L0032\source\R5T.L0032.Z000\R5T.L0032.Z000.csproj", "{0C6F02A6-F2D8-4D61-8E58-E7121522803D}"
EndProject
Project("{9A19103F-16F7-4668-BE54-9A1E7A4F7556}") = "R5T.L0032.Z001", "..\..\..\SafetyCone\R5T.L0032\source\R5T.L0032.Z001\R5T.L0032.Z001.csproj", "{CF10F356-4E1B-4689-9B89-77E70845598E}"
EndProject
Project("{9A19103F-16F7-4668-BE54-9A1E7A4F7556}") = "R5T.L0033.F001", "..\..\..\SafetyCone\R5T.L0033\source\R5T.L0033.F001\R5T.L0033.F001.csproj", "{4C9CBD64-A493-4D3E-85A0-2D9852CD4795}"
EndProject
Project("{9A19103F-16F7-4668-BE54-9A1E7A4F7556}") = "R5T.L0032.F002", "..\..\..\SafetyCone\R5T.L0032\source\R5T.L0032.F002\R5T.L0032.F002.csproj", "{2374F2A9-3668-4E43-AB0B-303AEBAB8F03}"
EndProject
Project("{9A19103F-16F7-4668-BE54-9A1E7A4F7556}") = "R5T.L0032.Y000", "..\..\..\SafetyCone\R5T.L0032\source\R5T.L0032.Y000\R5T.L0032.Y000.csproj", "{AC478AED-2F2D-4BCA-8FFE-72EAC0271F6F}"
EndProject
Project("{9A19103F-16F7-4668-BE54-9A1E7A4F7556}") = "R5T.L0032.Z002", "..\..\..\SafetyCone\R5T.L0032\source\R5T.L0032.Z002\R5T.L0032.Z002.csproj", "{95FC824B-FB77-42B7-A235-142C1479CC05}"
EndProject
Project("{9A19103F-16F7-4668-BE54-9A1E7A4F7556}") = "R5T.L0010.F001", "..\..\D8S.L0010\source\R5T.L0010.F001\R5T.L0010.F001.csproj", "{6E6FAFDE-C164-43F6-979E-942E18789C1C}"
EndProject
Project("{9A19103F-16F7-4668-BE54-9A1E7A4F7556}") = "R5T.L0071", "..\..\..\SafetyCone\R5T.L0071\source\R5T.L0071\R5T.L0071.csproj", "{08235946-A496-4901-8252-7C67DCA8439D}"
EndProject
Project("{9A19103F-16F7-4668-BE54-9A1E7A4F7556}") = "R5T.T0199.T000", "..\..\..\SafetyCone\R5T.T0199\source\R5T.T0199.T000\R5T.T0199.T000.csproj", "{024CECE3-09FC-4ABD-B3E2-65FA35109511}"
EndProject
Project("{9A19103F-16F7-4668-BE54-9A1E7A4F7556}") = "R5T.T0199.T001", "..\..\..\SafetyCone\R5T.T0199\source\R5T.T0199.T001\R5T.T0199.T001.csproj", "{D28023A3-340C-4840-B17C-87DF82CEC209}"
EndProject
Project("{9A19103F-16F7-4668-BE54-9A1E7A4F7556}") = "R5T.L0032.F003", "..\..\..\SafetyCone\R5T.L0032\source\R5T.L0032.F003\R5T.L0032.F003.csproj", "{C9196662-7848-4FA2-AE04-4E19A04A19CD}"
EndProject
Project("{9A19103F-16F7-4668-BE54-9A1E7A4F7556}") = "R5T.T0206", "..\..\..\SafetyCone\R5T.T0206\source\R5T.T0206\R5T.T0206.csproj", "{B844D0B4-C329-4BA4-BBF7-0A9F7E7EE792}"
EndProject
Project("{9A19103F-16F7-4668-BE54-9A1E7A4F7556}") = "R5T.Z0051", "..\..\..\SafetyCone\R5T.Z0051\source\R5T.Z0051\R5T.Z0051.csproj", "{1B2AF5C8-F054-4407-B936-21C81F5B920A}"
EndProject
Global
	GlobalSection(NestedProjects) = preSolution
		{19E30872-C435-4ADD-AE0B-E2E9F3B5B992} = {EC03B486-E17F-42B0-93CB-DB7BD733024C}
		{C01922A1-1980-46FB-A17B-025904168872} = {EC03B486-E17F-42B0-93CB-DB7BD733024C}
		{164E3B5E-5C91-46DF-A2FC-D55CBE26AD50} = {EC03B486-E17F-42B0-93CB-DB7BD733024C}
		{63DBB5E0-FF68-4DA1-BD68-0A52406DB9C8} = {EC03B486-E17F-42B0-93CB-DB7BD733024C}
		{F35C673F-CC07-43E9-81A9-9D5E8697B4AD} = {EC03B486-E17F-42B0-93CB-DB7BD733024C}
		{E94F63E1-1A32-41F2-BAE3-EF898E72228A} = {EC03B486-E17F-42B0-93CB-DB7BD733024C}
		{B1A056C2-B34B-4481-AFF9-75A8818F59B3} = {EC03B486-E17F-42B0-93CB-DB7BD733024C}
		{95A2007B-09D2-471B-9AB0-BC4E23F8E1D2} = {EC03B486-E17F-42B0-93CB-DB7BD733024C}
		{068E6BBC-260E-42DC-83F0-6A1CB890F272} = {EC03B486-E17F-42B0-93CB-DB7BD733024C}
		{03D920AC-2743-4FF1-8F8B-EFEE76B859E9} = {EC03B486-E17F-42B0-93CB-DB7BD733024C}
		{A5CE7673-D7AE-4479-8205-4CF06B887B6E} = {EC03B486-E17F-42B0-93CB-DB7BD733024C}
		{5EFCAD67-DE69-46AF-B493-6C74A18EA71C} = {EC03B486-E17F-42B0-93CB-DB7BD733024C}
		{2906EBB6-5E16-4BF6-B260-04100BFA2B95} = {EC03B486-E17F-42B0-93CB-DB7BD733024C}
		{1AE78E2F-07B6-4FE8-9565-DE419C45C063} = {EC03B486-E17F-42B0-93CB-DB7BD733024C}
		{9B2C4ED8-8618-47A3-BBEF-95EF2E4E3271} = {EC03B486-E17F-42B0-93CB-DB7BD733024C}
		{208134CF-921C-450B-A539-91A65D0D8BD4} = {EC03B486-E17F-42B0-93CB-DB7BD733024C}
		{C8572310-3367-4F35-B18C-AA94F1AE6766} = {EC03B486-E17F-42B0-93CB-DB7BD733024C}
		{92A77699-B473-45E2-92A8-FDC5B2E5A2FC} = {EC03B486-E17F-42B0-93CB-DB7BD733024C}
		{81C3F56B-A5B8-4820-8124-C769D2E94F83} = {EC03B486-E17F-42B0-93CB-DB7BD733024C}
		{B1EDAA34-63B2-422B-A656-3CA6FE3DFAF1} = {EC03B486-E17F-42B0-93CB-DB7BD733024C}
		{5611844A-23FA-4393-ABFE-FE3E506ADA97} = {EC03B486-E17F-42B0-93CB-DB7BD733024C}
		{F6711C43-8E03-4B0C-9734-267773815B2F} = {EC03B486-E17F-42B0-93CB-DB7BD733024C}
		{CBF135B6-688E-4469-987D-35A6D785E41A} = {EC03B486-E17F-42B0-93CB-DB7BD733024C}
		{F3C844B1-6D5E-479A-826C-CC1F40567C61} = {EC03B486-E17F-42B0-93CB-DB7BD733024C}
		{F43D8757-7E32-4464-BDAB-ABD381189647} = {EC03B486-E17F-42B0-93CB-DB7BD733024C}
		{209D79E4-33DF-4528-B34C-B80CF3CE2FD0} = {EC03B486-E17F-42B0-93CB-DB7BD733024C}
		{01D79E24-E1FF-47B3-A834-B6DD3610F7F9} = {EC03B486-E17F-42B0-93CB-DB7BD733024C}
		{0995CC9B-2E6F-4036-BF79-A4DA9A5588AE} = {EC03B486-E17F-42B0-93CB-DB7BD733024C}
		{9B05F42B-F000-4631-99B4-C2F75123A6D4} = {EC03B486-E17F-42B0-93CB-DB7BD733024C}
		{6707C2C8-DCBD-4A2C-BCEA-31BD07663101} = {EC03B486-E17F-42B0-93CB-DB7BD733024C}
		{315A253E-1C00-4C4C-BE3E-DD2FC06A0C71} = {EC03B486-E17F-42B0-93CB-DB7BD733024C}
		{6FAA546B-BEC5-4170-89CA-2B5528824064} = {EC03B486-E17F-42B0-93CB-DB7BD733024C}
		{04602A03-D918-494B-B974-8E41F59F848E} = {EC03B486-E17F-42B0-93CB-DB7BD733024C}
		{5F6A1BFA-92E3-4230-96DC-1962B97369C1} = {EC03B486-E17F-42B0-93CB-DB7BD733024C}
		{34E40E5D-9B98-4171-8EB2-CAAB01383ED8} = {EC03B486-E17F-42B0-93CB-DB7BD733024C}
		{CB860679-9B22-404B-9CD6-2FEB30DA327C} = {EC03B486-E17F-42B0-93CB-DB7BD733024C}
		{9803F228-9CAA-4D8F-B8B4-34B8EA07F1D5} = {EC03B486-E17F-42B0-93CB-DB7BD733024C}
		{37207045-B601-4829-ACA4-87EF130E3EC5} = {EC03B486-E17F-42B0-93CB-DB7BD733024C}
		{D064D3E0-DED2-435D-96B8-F7946BBBB02C} = {EC03B486-E17F-42B0-93CB-DB7BD733024C}
		{AEEB66A4-9599-43C8-A634-9767AB1BD6AC} = {EC03B486-E17F-42B0-93CB-DB7BD733024C}
		{D1846F2D-E757-4DC9-B1CE-7C281E3061B5} = {EC03B486-E17F-42B0-93CB-DB7BD733024C}
		{A1A87A60-48D4-4B68-8C7D-7F042AF8AC4A} = {EC03B486-E17F-42B0-93CB-DB7BD733024C}
		{F8B6B254-6A35-4667-BA6F-4995E074299E} = {EC03B486-E17F-42B0-93CB-DB7BD733024C}
		{EA2A18E9-900E-48F8-B0C4-83A123F3C82B} = {EC03B486-E17F-42B0-93CB-DB7BD733024C}
		{CD36E5A4-5F89-4838-9EB2-2854AD3B591D} = {EC03B486-E17F-42B0-93CB-DB7BD733024C}
		{DEAE984A-ED19-48F4-97E0-8CAB66A8E67F} = {EC03B486-E17F-42B0-93CB-DB7BD733024C}
		{3822F898-FDE9-4A28-AC74-024A2E3E8CF4} = {EC03B486-E17F-42B0-93CB-DB7BD733024C}
		{2AF80E52-4FF7-45ED-81B8-8777FF1E6BD9} = {EC03B486-E17F-42B0-93CB-DB7BD733024C}
		{3E7F09C0-2C57-4E67-BF37-3698EA96ED89} = {EC03B486-E17F-42B0-93CB-DB7BD733024C}
		{4E679A8F-3CF7-4399-80FA-448F9F9D6ECD} = {EC03B486-E17F-42B0-93CB-DB7BD733024C}
		{3B798394-9B7B-4002-8F76-213FB829B2B1} = {EC03B486-E17F-42B0-93CB-DB7BD733024C}
		{3CE680BA-824A-4F85-B626-ABB7C04D87F4} = {EC03B486-E17F-42B0-93CB-DB7BD733024C}
		{61BACFD0-C93C-466C-A869-5DB528B86AA7} = {EC03B486-E17F-42B0-93CB-DB7BD733024C}
		{1CACB9AD-2582-4903-A60A-4A880491270D} = {EC03B486-E17F-42B0-93CB-DB7BD733024C}
		{906F635E-3FE5-46B3-A774-C3B5A897FC3A} = {EC03B486-E17F-42B0-93CB-DB7BD733024C}
		{1313DCE4-9793-4FB8-8A6A-46CECDE52375} = {EC03B486-E17F-42B0-93CB-DB7BD733024C}
		{FE4F0DA1-9C17-484B-A8DA-991A26C660DD} = {EC03B486-E17F-42B0-93CB-DB7BD733024C}
		{AB00B2E1-B640-4A3E-BEB4-301C10F6140C} = {EC03B486-E17F-42B0-93CB-DB7BD733024C}
		{91E18582-77F2-472E-B3BD-E0F23CC4E1BB} = {EC03B486-E17F-42B0-93CB-DB7BD733024C}
		{B48687E8-E8F0-40B2-8E20-C5D36065EDCD} = {EC03B486-E17F-42B0-93CB-DB7BD733024C}
		{D42E3BEC-77BA-4B37-BC06-B155FE14C6B6} = {EC03B486-E17F-42B0-93CB-DB7BD733024C}
		{53D23997-5ADD-4275-9BB8-73017B478F81} = {EC03B486-E17F-42B0-93CB-DB7BD733024C}
		{9B29572C-15BD-4B3B-ADDA-F3070E5CB8C5} = {EC03B486-E17F-42B0-93CB-DB7BD733024C}
		{7EE5D527-5C87-4C97-88BB-CC2AAFA7E2BA} = {EC03B486-E17F-42B0-93CB-DB7BD733024C}
		{E484E102-2815-4804-8AE6-F2D0F67DA9A9} = {EC03B486-E17F-42B0-93CB-DB7BD733024C}
		{851D140C-F1C8-4D00-B5EF-2E92052D532D} = {EC03B486-E17F-42B0-93CB-DB7BD733024C}
		{BD30E8FB-DB7A-4E96-8378-D894D68CF314} = {EC03B486-E17F-42B0-93CB-DB7BD733024C}
		{6866223B-4F05-41B7-9613-CBC1344D2A1A} = {EC03B486-E17F-42B0-93CB-DB7BD733024C}
		{4D47B97C-ED86-469B-BD92-3628E3CEE9B8} = {EC03B486-E17F-42B0-93CB-DB7BD733024C}
		{923DC4D9-BA83-4258-A38B-5046B3641E4A} = {EC03B486-E17F-42B0-93CB-DB7BD733024C}
		{86CBFC76-31F4-4DAB-A57C-BB9AA048B93A} = {EC03B486-E17F-42B0-93CB-DB7BD733024C}
		{B7B7D770-C763-4EDF-8467-BACABBD10A2B} = {EC03B486-E17F-42B0-93CB-DB7BD733024C}
		{8D0E0453-CC57-40A9-A17C-6D5ECA95698A} = {EC03B486-E17F-42B0-93CB-DB7BD733024C}
		{F540CFCF-23AF-4B75-8656-216CEF4624BC} = {EC03B486-E17F-42B0-93CB-DB7BD733024C}
		{872B32CE-D95E-446D-B8E5-0361DB069DE3} = {EC03B486-E17F-42B0-93CB-DB7BD733024C}
		{A0B9C20F-AA4E-4AC4-A5FD-5A59B6DC239D} = {EC03B486-E17F-42B0-93CB-DB7BD733024C}
		{D7BD9EBE-CA42-445E-B582-DB6531BEDAFB} = {EC03B486-E17F-42B0-93CB-DB7BD733024C}
		{52BB4DCB-4972-44CA-859B-5080B00D646A} = {EC03B486-E17F-42B0-93CB-DB7BD733024C}
		{D43512E5-8284-4D37-95C2-FCD0BA2976D1} = {EC03B486-E17F-42B0-93CB-DB7BD733024C}
		{2F9F64D4-CC6C-4F90-87DB-B118ACECD4BE} = {EC03B486-E17F-42B0-93CB-DB7BD733024C}
		{E3482449-5993-499A-951F-A742887FAFB5} = {EC03B486-E17F-42B0-93CB-DB7BD733024C}
		{B09D9240-79AF-486E-A8E1-EA08F17BFE7E} = {EC03B486-E17F-42B0-93CB-DB7BD733024C}
		{F61B0E27-6EC8-479A-9C4C-162FACC98A06} = {EC03B486-E17F-42B0-93CB-DB7BD733024C}
		{8417EB82-70FA-4A28-BF57-C27C46B05BF2} = {EC03B486-E17F-42B0-93CB-DB7BD733024C}
		{D1F7D3EB-FD39-4C4E-8D30-72B5D4C10DE5} = {EC03B486-E17F-42B0-93CB-DB7BD733024C}
		{DA811A97-B738-4969-905F-E29336BAEF22} = {EC03B486-E17F-42B0-93CB-DB7BD733024C}
		{D179113D-888A-4EF0-A318-00969EB714A2} = {EC03B486-E17F-42B0-93CB-DB7BD733024C}
		{B5BE0586-25B3-4107-9D9D-5EEF238B8693} = {EC03B486-E17F-42B0-93CB-DB7BD733024C}
		{F95D1B3D-032B-4B86-81E5-9FD5D3F9BE45} = {EC03B486-E17F-42B0-93CB-DB7BD733024C}
		{D791E93F-D714-4D26-8ECB-E2D991C4A352} = {EC03B486-E17F-42B0-93CB-DB7BD733024C}
		{92D83007-7833-4FB6-BFF9-8120E9D9512C} = {EC03B486-E17F-42B0-93CB-DB7BD733024C}
		{1CE1ADB5-4908-4BD5-9BAD-5971F0C7E9CE} = {EC03B486-E17F-42B0-93CB-DB7BD733024C}
		{C4B00FC4-7CEA-41C1-A076-948EDF1664F0} = {EC03B486-E17F-42B0-93CB-DB7BD733024C}
		{1DCE968B-730C-480E-8C26-6944D7156A4B} = {EC03B486-E17F-42B0-93CB-DB7BD733024C}
		{47F2E73F-CCCD-4FA6-A951-4C9CA2802216} = {EC03B486-E17F-42B0-93CB-DB7BD733024C}
		{FA5F9182-33A7-4922-B03F-819213787D94} = {EC03B486-E17F-42B0-93CB-DB7BD733024C}
		{0756FA40-8AE3-4194-8BE4-5769D45A5F97} = {EC03B486-E17F-42B0-93CB-DB7BD733024C}
		{06348664-F06E-42CB-817B-63C9C066F04D} = {EC03B486-E17F-42B0-93CB-DB7BD733024C}
		{EC66C9F5-7B53-4966-A8BC-7789EDC8033E} = {EC03B486-E17F-42B0-93CB-DB7BD733024C}
		{88C9FC88-3A21-4B61-B11D-9CBDF2589B64} = {EC03B486-E17F-42B0-93CB-DB7BD733024C}
		{81235948-2630-4A29-81CD-9FEF2A610578} = {EC03B486-E17F-42B0-93CB-DB7BD733024C}
		{BA746452-F0B7-4A11-AEE3-84B5FBC84AF0} = {EC03B486-E17F-42B0-93CB-DB7BD733024C}
		{0C6F02A6-F2D8-4D61-8E58-E7121522803D} = {EC03B486-E17F-42B0-93CB-DB7BD733024C}
		{CF10F356-4E1B-4689-9B89-77E70845598E} = {EC03B486-E17F-42B0-93CB-DB7BD733024C}
		{4C9CBD64-A493-4D3E-85A0-2D9852CD4795} = {EC03B486-E17F-42B0-93CB-DB7BD733024C}
		{2374F2A9-3668-4E43-AB0B-303AEBAB8F03} = {EC03B486-E17F-42B0-93CB-DB7BD733024C}
		{AC478AED-2F2D-4BCA-8FFE-72EAC0271F6F} = {EC03B486-E17F-42B0-93CB-DB7BD733024C}
		{95FC824B-FB77-42B7-A235-142C1479CC05} = {EC03B486-E17F-42B0-93CB-DB7BD733024C}
		{6E6FAFDE-C164-43F6-979E-942E18789C1C} = {EC03B486-E17F-42B0-93CB-DB7BD733024C}
		{08235946-A496-4901-8252-7C67DCA8439D} = {EC03B486-E17F-42B0-93CB-DB7BD733024C}
		{024CECE3-09FC-4ABD-B3E2-65FA35109511} = {EC03B486-E17F-42B0-93CB-DB7BD733024C}
		{D28023A3-340C-4840-B17C-87DF82CEC209} = {EC03B486-E17F-42B0-93CB-DB7BD733024C}
		{C9196662-7848-4FA2-AE04-4E19A04A19CD} = {EC03B486-E17F-42B0-93CB-DB7BD733024C}
		{B844D0B4-C329-4BA4-BBF7-0A9F7E7EE792} = {EC03B486-E17F-42B0-93CB-DB7BD733024C}
		{1B2AF5C8-F054-4407-B936-21C81F5B920A} = {EC03B486-E17F-42B0-93CB-DB7BD733024C}
	EndGlobalSection
	GlobalSection(SolutionConfigurationPlatforms) = preSolution
		Debug|Any CPU = Debug|Any CPU
		Release|Any CPU = Release|Any CPU
	EndGlobalSection
	GlobalSection(ProjectConfigurationPlatforms) = postSolution
		{1ACA4C57-5009-4890-9A32-95B11F965AED}.Debug|Any CPU.ActiveCfg = Debug|Any CPU
		{1ACA4C57-5009-4890-9A32-95B11F965AED}.Debug|Any CPU.Build.0 = Debug|Any CPU
		{1ACA4C57-5009-4890-9A32-95B11F965AED}.Release|Any CPU.ActiveCfg = Release|Any CPU
		{1ACA4C57-5009-4890-9A32-95B11F965AED}.Release|Any CPU.Build.0 = Release|Any CPU
		{19E30872-C435-4ADD-AE0B-E2E9F3B5B992}.Debug|Any CPU.ActiveCfg = Debug|Any CPU
		{19E30872-C435-4ADD-AE0B-E2E9F3B5B992}.Debug|Any CPU.Build.0 = Debug|Any CPU
		{19E30872-C435-4ADD-AE0B-E2E9F3B5B992}.Release|Any CPU.ActiveCfg = Release|Any CPU
		{19E30872-C435-4ADD-AE0B-E2E9F3B5B992}.Release|Any CPU.Build.0 = Release|Any CPU
		{C01922A1-1980-46FB-A17B-025904168872}.Debug|Any CPU.ActiveCfg = Debug|Any CPU
		{C01922A1-1980-46FB-A17B-025904168872}.Debug|Any CPU.Build.0 = Debug|Any CPU
		{C01922A1-1980-46FB-A17B-025904168872}.Release|Any CPU.ActiveCfg = Release|Any CPU
		{C01922A1-1980-46FB-A17B-025904168872}.Release|Any CPU.Build.0 = Release|Any CPU
		{164E3B5E-5C91-46DF-A2FC-D55CBE26AD50}.Debug|Any CPU.ActiveCfg = Debug|Any CPU
		{164E3B5E-5C91-46DF-A2FC-D55CBE26AD50}.Debug|Any CPU.Build.0 = Debug|Any CPU
		{164E3B5E-5C91-46DF-A2FC-D55CBE26AD50}.Release|Any CPU.ActiveCfg = Release|Any CPU
		{164E3B5E-5C91-46DF-A2FC-D55CBE26AD50}.Release|Any CPU.Build.0 = Release|Any CPU
		{63DBB5E0-FF68-4DA1-BD68-0A52406DB9C8}.Debug|Any CPU.ActiveCfg = Debug|Any CPU
		{63DBB5E0-FF68-4DA1-BD68-0A52406DB9C8}.Debug|Any CPU.Build.0 = Debug|Any CPU
		{63DBB5E0-FF68-4DA1-BD68-0A52406DB9C8}.Release|Any CPU.ActiveCfg = Release|Any CPU
		{63DBB5E0-FF68-4DA1-BD68-0A52406DB9C8}.Release|Any CPU.Build.0 = Release|Any CPU
		{F35C673F-CC07-43E9-81A9-9D5E8697B4AD}.Debug|Any CPU.ActiveCfg = Debug|Any CPU
		{F35C673F-CC07-43E9-81A9-9D5E8697B4AD}.Debug|Any CPU.Build.0 = Debug|Any CPU
		{F35C673F-CC07-43E9-81A9-9D5E8697B4AD}.Release|Any CPU.ActiveCfg = Release|Any CPU
		{F35C673F-CC07-43E9-81A9-9D5E8697B4AD}.Release|Any CPU.Build.0 = Release|Any CPU
		{E94F63E1-1A32-41F2-BAE3-EF898E72228A}.Debug|Any CPU.ActiveCfg = Debug|Any CPU
		{E94F63E1-1A32-41F2-BAE3-EF898E72228A}.Debug|Any CPU.Build.0 = Debug|Any CPU
		{E94F63E1-1A32-41F2-BAE3-EF898E72228A}.Release|Any CPU.ActiveCfg = Release|Any CPU
		{E94F63E1-1A32-41F2-BAE3-EF898E72228A}.Release|Any CPU.Build.0 = Release|Any CPU
		{B1A056C2-B34B-4481-AFF9-75A8818F59B3}.Debug|Any CPU.ActiveCfg = Debug|Any CPU
		{B1A056C2-B34B-4481-AFF9-75A8818F59B3}.Debug|Any CPU.Build.0 = Debug|Any CPU
		{B1A056C2-B34B-4481-AFF9-75A8818F59B3}.Release|Any CPU.ActiveCfg = Release|Any CPU
		{B1A056C2-B34B-4481-AFF9-75A8818F59B3}.Release|Any CPU.Build.0 = Release|Any CPU
		{95A2007B-09D2-471B-9AB0-BC4E23F8E1D2}.Debug|Any CPU.ActiveCfg = Debug|Any CPU
		{95A2007B-09D2-471B-9AB0-BC4E23F8E1D2}.Debug|Any CPU.Build.0 = Debug|Any CPU
		{95A2007B-09D2-471B-9AB0-BC4E23F8E1D2}.Release|Any CPU.ActiveCfg = Release|Any CPU
		{95A2007B-09D2-471B-9AB0-BC4E23F8E1D2}.Release|Any CPU.Build.0 = Release|Any CPU
		{068E6BBC-260E-42DC-83F0-6A1CB890F272}.Debug|Any CPU.ActiveCfg = Debug|Any CPU
		{068E6BBC-260E-42DC-83F0-6A1CB890F272}.Debug|Any CPU.Build.0 = Debug|Any CPU
		{068E6BBC-260E-42DC-83F0-6A1CB890F272}.Release|Any CPU.ActiveCfg = Release|Any CPU
		{068E6BBC-260E-42DC-83F0-6A1CB890F272}.Release|Any CPU.Build.0 = Release|Any CPU
		{03D920AC-2743-4FF1-8F8B-EFEE76B859E9}.Debug|Any CPU.ActiveCfg = Debug|Any CPU
		{03D920AC-2743-4FF1-8F8B-EFEE76B859E9}.Debug|Any CPU.Build.0 = Debug|Any CPU
		{03D920AC-2743-4FF1-8F8B-EFEE76B859E9}.Release|Any CPU.ActiveCfg = Release|Any CPU
		{03D920AC-2743-4FF1-8F8B-EFEE76B859E9}.Release|Any CPU.Build.0 = Release|Any CPU
		{A5CE7673-D7AE-4479-8205-4CF06B887B6E}.Debug|Any CPU.ActiveCfg = Debug|Any CPU
		{A5CE7673-D7AE-4479-8205-4CF06B887B6E}.Debug|Any CPU.Build.0 = Debug|Any CPU
		{A5CE7673-D7AE-4479-8205-4CF06B887B6E}.Release|Any CPU.ActiveCfg = Release|Any CPU
		{A5CE7673-D7AE-4479-8205-4CF06B887B6E}.Release|Any CPU.Build.0 = Release|Any CPU
		{5EFCAD67-DE69-46AF-B493-6C74A18EA71C}.Debug|Any CPU.ActiveCfg = Debug|Any CPU
		{5EFCAD67-DE69-46AF-B493-6C74A18EA71C}.Debug|Any CPU.Build.0 = Debug|Any CPU
		{5EFCAD67-DE69-46AF-B493-6C74A18EA71C}.Release|Any CPU.ActiveCfg = Release|Any CPU
		{5EFCAD67-DE69-46AF-B493-6C74A18EA71C}.Release|Any CPU.Build.0 = Release|Any CPU
		{2906EBB6-5E16-4BF6-B260-04100BFA2B95}.Debug|Any CPU.ActiveCfg = Debug|Any CPU
		{2906EBB6-5E16-4BF6-B260-04100BFA2B95}.Debug|Any CPU.Build.0 = Debug|Any CPU
		{2906EBB6-5E16-4BF6-B260-04100BFA2B95}.Release|Any CPU.ActiveCfg = Release|Any CPU
		{2906EBB6-5E16-4BF6-B260-04100BFA2B95}.Release|Any CPU.Build.0 = Release|Any CPU
		{1AE78E2F-07B6-4FE8-9565-DE419C45C063}.Debug|Any CPU.ActiveCfg = Debug|Any CPU
		{1AE78E2F-07B6-4FE8-9565-DE419C45C063}.Debug|Any CPU.Build.0 = Debug|Any CPU
		{1AE78E2F-07B6-4FE8-9565-DE419C45C063}.Release|Any CPU.ActiveCfg = Release|Any CPU
		{1AE78E2F-07B6-4FE8-9565-DE419C45C063}.Release|Any CPU.Build.0 = Release|Any CPU
		{9B2C4ED8-8618-47A3-BBEF-95EF2E4E3271}.Debug|Any CPU.ActiveCfg = Debug|Any CPU
		{9B2C4ED8-8618-47A3-BBEF-95EF2E4E3271}.Debug|Any CPU.Build.0 = Debug|Any CPU
		{9B2C4ED8-8618-47A3-BBEF-95EF2E4E3271}.Release|Any CPU.ActiveCfg = Release|Any CPU
		{9B2C4ED8-8618-47A3-BBEF-95EF2E4E3271}.Release|Any CPU.Build.0 = Release|Any CPU
		{208134CF-921C-450B-A539-91A65D0D8BD4}.Debug|Any CPU.ActiveCfg = Debug|Any CPU
		{208134CF-921C-450B-A539-91A65D0D8BD4}.Debug|Any CPU.Build.0 = Debug|Any CPU
		{208134CF-921C-450B-A539-91A65D0D8BD4}.Release|Any CPU.ActiveCfg = Release|Any CPU
		{208134CF-921C-450B-A539-91A65D0D8BD4}.Release|Any CPU.Build.0 = Release|Any CPU
		{C8572310-3367-4F35-B18C-AA94F1AE6766}.Debug|Any CPU.ActiveCfg = Debug|Any CPU
		{C8572310-3367-4F35-B18C-AA94F1AE6766}.Debug|Any CPU.Build.0 = Debug|Any CPU
		{C8572310-3367-4F35-B18C-AA94F1AE6766}.Release|Any CPU.ActiveCfg = Release|Any CPU
		{C8572310-3367-4F35-B18C-AA94F1AE6766}.Release|Any CPU.Build.0 = Release|Any CPU
		{92A77699-B473-45E2-92A8-FDC5B2E5A2FC}.Debug|Any CPU.ActiveCfg = Debug|Any CPU
		{92A77699-B473-45E2-92A8-FDC5B2E5A2FC}.Debug|Any CPU.Build.0 = Debug|Any CPU
		{92A77699-B473-45E2-92A8-FDC5B2E5A2FC}.Release|Any CPU.ActiveCfg = Release|Any CPU
		{92A77699-B473-45E2-92A8-FDC5B2E5A2FC}.Release|Any CPU.Build.0 = Release|Any CPU
		{81C3F56B-A5B8-4820-8124-C769D2E94F83}.Debug|Any CPU.ActiveCfg = Debug|Any CPU
		{81C3F56B-A5B8-4820-8124-C769D2E94F83}.Debug|Any CPU.Build.0 = Debug|Any CPU
		{81C3F56B-A5B8-4820-8124-C769D2E94F83}.Release|Any CPU.ActiveCfg = Release|Any CPU
		{81C3F56B-A5B8-4820-8124-C769D2E94F83}.Release|Any CPU.Build.0 = Release|Any CPU
		{B1EDAA34-63B2-422B-A656-3CA6FE3DFAF1}.Debug|Any CPU.ActiveCfg = Debug|Any CPU
		{B1EDAA34-63B2-422B-A656-3CA6FE3DFAF1}.Debug|Any CPU.Build.0 = Debug|Any CPU
		{B1EDAA34-63B2-422B-A656-3CA6FE3DFAF1}.Release|Any CPU.ActiveCfg = Release|Any CPU
		{B1EDAA34-63B2-422B-A656-3CA6FE3DFAF1}.Release|Any CPU.Build.0 = Release|Any CPU
		{5611844A-23FA-4393-ABFE-FE3E506ADA97}.Debug|Any CPU.ActiveCfg = Debug|Any CPU
		{5611844A-23FA-4393-ABFE-FE3E506ADA97}.Debug|Any CPU.Build.0 = Debug|Any CPU
		{5611844A-23FA-4393-ABFE-FE3E506ADA97}.Release|Any CPU.ActiveCfg = Release|Any CPU
		{5611844A-23FA-4393-ABFE-FE3E506ADA97}.Release|Any CPU.Build.0 = Release|Any CPU
		{F6711C43-8E03-4B0C-9734-267773815B2F}.Debug|Any CPU.ActiveCfg = Debug|Any CPU
		{F6711C43-8E03-4B0C-9734-267773815B2F}.Debug|Any CPU.Build.0 = Debug|Any CPU
		{F6711C43-8E03-4B0C-9734-267773815B2F}.Release|Any CPU.ActiveCfg = Release|Any CPU
		{F6711C43-8E03-4B0C-9734-267773815B2F}.Release|Any CPU.Build.0 = Release|Any CPU
		{CBF135B6-688E-4469-987D-35A6D785E41A}.Debug|Any CPU.ActiveCfg = Debug|Any CPU
		{CBF135B6-688E-4469-987D-35A6D785E41A}.Debug|Any CPU.Build.0 = Debug|Any CPU
		{CBF135B6-688E-4469-987D-35A6D785E41A}.Release|Any CPU.ActiveCfg = Release|Any CPU
		{CBF135B6-688E-4469-987D-35A6D785E41A}.Release|Any CPU.Build.0 = Release|Any CPU
		{F3C844B1-6D5E-479A-826C-CC1F40567C61}.Debug|Any CPU.ActiveCfg = Debug|Any CPU
		{F3C844B1-6D5E-479A-826C-CC1F40567C61}.Debug|Any CPU.Build.0 = Debug|Any CPU
		{F3C844B1-6D5E-479A-826C-CC1F40567C61}.Release|Any CPU.ActiveCfg = Release|Any CPU
		{F3C844B1-6D5E-479A-826C-CC1F40567C61}.Release|Any CPU.Build.0 = Release|Any CPU
		{F43D8757-7E32-4464-BDAB-ABD381189647}.Debug|Any CPU.ActiveCfg = Debug|Any CPU
		{F43D8757-7E32-4464-BDAB-ABD381189647}.Debug|Any CPU.Build.0 = Debug|Any CPU
		{F43D8757-7E32-4464-BDAB-ABD381189647}.Release|Any CPU.ActiveCfg = Release|Any CPU
		{F43D8757-7E32-4464-BDAB-ABD381189647}.Release|Any CPU.Build.0 = Release|Any CPU
		{209D79E4-33DF-4528-B34C-B80CF3CE2FD0}.Debug|Any CPU.ActiveCfg = Debug|Any CPU
		{209D79E4-33DF-4528-B34C-B80CF3CE2FD0}.Debug|Any CPU.Build.0 = Debug|Any CPU
		{209D79E4-33DF-4528-B34C-B80CF3CE2FD0}.Release|Any CPU.ActiveCfg = Release|Any CPU
		{209D79E4-33DF-4528-B34C-B80CF3CE2FD0}.Release|Any CPU.Build.0 = Release|Any CPU
		{01D79E24-E1FF-47B3-A834-B6DD3610F7F9}.Debug|Any CPU.ActiveCfg = Debug|Any CPU
		{01D79E24-E1FF-47B3-A834-B6DD3610F7F9}.Debug|Any CPU.Build.0 = Debug|Any CPU
		{01D79E24-E1FF-47B3-A834-B6DD3610F7F9}.Release|Any CPU.ActiveCfg = Release|Any CPU
		{01D79E24-E1FF-47B3-A834-B6DD3610F7F9}.Release|Any CPU.Build.0 = Release|Any CPU
		{0995CC9B-2E6F-4036-BF79-A4DA9A5588AE}.Debug|Any CPU.ActiveCfg = Debug|Any CPU
		{0995CC9B-2E6F-4036-BF79-A4DA9A5588AE}.Debug|Any CPU.Build.0 = Debug|Any CPU
		{0995CC9B-2E6F-4036-BF79-A4DA9A5588AE}.Release|Any CPU.ActiveCfg = Release|Any CPU
		{0995CC9B-2E6F-4036-BF79-A4DA9A5588AE}.Release|Any CPU.Build.0 = Release|Any CPU
		{9B05F42B-F000-4631-99B4-C2F75123A6D4}.Debug|Any CPU.ActiveCfg = Debug|Any CPU
		{9B05F42B-F000-4631-99B4-C2F75123A6D4}.Debug|Any CPU.Build.0 = Debug|Any CPU
		{9B05F42B-F000-4631-99B4-C2F75123A6D4}.Release|Any CPU.ActiveCfg = Release|Any CPU
		{9B05F42B-F000-4631-99B4-C2F75123A6D4}.Release|Any CPU.Build.0 = Release|Any CPU
		{6707C2C8-DCBD-4A2C-BCEA-31BD07663101}.Debug|Any CPU.ActiveCfg = Debug|Any CPU
		{6707C2C8-DCBD-4A2C-BCEA-31BD07663101}.Debug|Any CPU.Build.0 = Debug|Any CPU
		{6707C2C8-DCBD-4A2C-BCEA-31BD07663101}.Release|Any CPU.ActiveCfg = Release|Any CPU
		{6707C2C8-DCBD-4A2C-BCEA-31BD07663101}.Release|Any CPU.Build.0 = Release|Any CPU
		{315A253E-1C00-4C4C-BE3E-DD2FC06A0C71}.Debug|Any CPU.ActiveCfg = Debug|Any CPU
		{315A253E-1C00-4C4C-BE3E-DD2FC06A0C71}.Debug|Any CPU.Build.0 = Debug|Any CPU
		{315A253E-1C00-4C4C-BE3E-DD2FC06A0C71}.Release|Any CPU.ActiveCfg = Release|Any CPU
		{315A253E-1C00-4C4C-BE3E-DD2FC06A0C71}.Release|Any CPU.Build.0 = Release|Any CPU
		{6FAA546B-BEC5-4170-89CA-2B5528824064}.Debug|Any CPU.ActiveCfg = Debug|Any CPU
		{6FAA546B-BEC5-4170-89CA-2B5528824064}.Debug|Any CPU.Build.0 = Debug|Any CPU
		{6FAA546B-BEC5-4170-89CA-2B5528824064}.Release|Any CPU.ActiveCfg = Release|Any CPU
		{6FAA546B-BEC5-4170-89CA-2B5528824064}.Release|Any CPU.Build.0 = Release|Any CPU
		{04602A03-D918-494B-B974-8E41F59F848E}.Debug|Any CPU.ActiveCfg = Debug|Any CPU
		{04602A03-D918-494B-B974-8E41F59F848E}.Debug|Any CPU.Build.0 = Debug|Any CPU
		{04602A03-D918-494B-B974-8E41F59F848E}.Release|Any CPU.ActiveCfg = Release|Any CPU
		{04602A03-D918-494B-B974-8E41F59F848E}.Release|Any CPU.Build.0 = Release|Any CPU
		{5F6A1BFA-92E3-4230-96DC-1962B97369C1}.Debug|Any CPU.ActiveCfg = Debug|Any CPU
		{5F6A1BFA-92E3-4230-96DC-1962B97369C1}.Debug|Any CPU.Build.0 = Debug|Any CPU
		{5F6A1BFA-92E3-4230-96DC-1962B97369C1}.Release|Any CPU.ActiveCfg = Release|Any CPU
		{5F6A1BFA-92E3-4230-96DC-1962B97369C1}.Release|Any CPU.Build.0 = Release|Any CPU
		{34E40E5D-9B98-4171-8EB2-CAAB01383ED8}.Debug|Any CPU.ActiveCfg = Debug|Any CPU
		{34E40E5D-9B98-4171-8EB2-CAAB01383ED8}.Debug|Any CPU.Build.0 = Debug|Any CPU
		{34E40E5D-9B98-4171-8EB2-CAAB01383ED8}.Release|Any CPU.ActiveCfg = Release|Any CPU
		{34E40E5D-9B98-4171-8EB2-CAAB01383ED8}.Release|Any CPU.Build.0 = Release|Any CPU
		{CB860679-9B22-404B-9CD6-2FEB30DA327C}.Debug|Any CPU.ActiveCfg = Debug|Any CPU
		{CB860679-9B22-404B-9CD6-2FEB30DA327C}.Debug|Any CPU.Build.0 = Debug|Any CPU
		{CB860679-9B22-404B-9CD6-2FEB30DA327C}.Release|Any CPU.ActiveCfg = Release|Any CPU
		{CB860679-9B22-404B-9CD6-2FEB30DA327C}.Release|Any CPU.Build.0 = Release|Any CPU
		{9803F228-9CAA-4D8F-B8B4-34B8EA07F1D5}.Debug|Any CPU.ActiveCfg = Debug|Any CPU
		{9803F228-9CAA-4D8F-B8B4-34B8EA07F1D5}.Debug|Any CPU.Build.0 = Debug|Any CPU
		{9803F228-9CAA-4D8F-B8B4-34B8EA07F1D5}.Release|Any CPU.ActiveCfg = Release|Any CPU
		{9803F228-9CAA-4D8F-B8B4-34B8EA07F1D5}.Release|Any CPU.Build.0 = Release|Any CPU
		{37207045-B601-4829-ACA4-87EF130E3EC5}.Debug|Any CPU.ActiveCfg = Debug|Any CPU
		{37207045-B601-4829-ACA4-87EF130E3EC5}.Debug|Any CPU.Build.0 = Debug|Any CPU
		{37207045-B601-4829-ACA4-87EF130E3EC5}.Release|Any CPU.ActiveCfg = Release|Any CPU
		{37207045-B601-4829-ACA4-87EF130E3EC5}.Release|Any CPU.Build.0 = Release|Any CPU
		{D064D3E0-DED2-435D-96B8-F7946BBBB02C}.Debug|Any CPU.ActiveCfg = Debug|Any CPU
		{D064D3E0-DED2-435D-96B8-F7946BBBB02C}.Debug|Any CPU.Build.0 = Debug|Any CPU
		{D064D3E0-DED2-435D-96B8-F7946BBBB02C}.Release|Any CPU.ActiveCfg = Release|Any CPU
		{D064D3E0-DED2-435D-96B8-F7946BBBB02C}.Release|Any CPU.Build.0 = Release|Any CPU
		{AEEB66A4-9599-43C8-A634-9767AB1BD6AC}.Debug|Any CPU.ActiveCfg = Debug|Any CPU
		{AEEB66A4-9599-43C8-A634-9767AB1BD6AC}.Debug|Any CPU.Build.0 = Debug|Any CPU
		{AEEB66A4-9599-43C8-A634-9767AB1BD6AC}.Release|Any CPU.ActiveCfg = Release|Any CPU
		{AEEB66A4-9599-43C8-A634-9767AB1BD6AC}.Release|Any CPU.Build.0 = Release|Any CPU
		{D1846F2D-E757-4DC9-B1CE-7C281E3061B5}.Debug|Any CPU.ActiveCfg = Debug|Any CPU
		{D1846F2D-E757-4DC9-B1CE-7C281E3061B5}.Debug|Any CPU.Build.0 = Debug|Any CPU
		{D1846F2D-E757-4DC9-B1CE-7C281E3061B5}.Release|Any CPU.ActiveCfg = Release|Any CPU
		{D1846F2D-E757-4DC9-B1CE-7C281E3061B5}.Release|Any CPU.Build.0 = Release|Any CPU
		{A1A87A60-48D4-4B68-8C7D-7F042AF8AC4A}.Debug|Any CPU.ActiveCfg = Debug|Any CPU
		{A1A87A60-48D4-4B68-8C7D-7F042AF8AC4A}.Debug|Any CPU.Build.0 = Debug|Any CPU
		{A1A87A60-48D4-4B68-8C7D-7F042AF8AC4A}.Release|Any CPU.ActiveCfg = Release|Any CPU
		{A1A87A60-48D4-4B68-8C7D-7F042AF8AC4A}.Release|Any CPU.Build.0 = Release|Any CPU
		{F8B6B254-6A35-4667-BA6F-4995E074299E}.Debug|Any CPU.ActiveCfg = Debug|Any CPU
		{F8B6B254-6A35-4667-BA6F-4995E074299E}.Debug|Any CPU.Build.0 = Debug|Any CPU
		{F8B6B254-6A35-4667-BA6F-4995E074299E}.Release|Any CPU.ActiveCfg = Release|Any CPU
		{F8B6B254-6A35-4667-BA6F-4995E074299E}.Release|Any CPU.Build.0 = Release|Any CPU
		{EA2A18E9-900E-48F8-B0C4-83A123F3C82B}.Debug|Any CPU.ActiveCfg = Debug|Any CPU
		{EA2A18E9-900E-48F8-B0C4-83A123F3C82B}.Debug|Any CPU.Build.0 = Debug|Any CPU
		{EA2A18E9-900E-48F8-B0C4-83A123F3C82B}.Release|Any CPU.ActiveCfg = Release|Any CPU
		{EA2A18E9-900E-48F8-B0C4-83A123F3C82B}.Release|Any CPU.Build.0 = Release|Any CPU
		{CD36E5A4-5F89-4838-9EB2-2854AD3B591D}.Debug|Any CPU.ActiveCfg = Debug|Any CPU
		{CD36E5A4-5F89-4838-9EB2-2854AD3B591D}.Debug|Any CPU.Build.0 = Debug|Any CPU
		{CD36E5A4-5F89-4838-9EB2-2854AD3B591D}.Release|Any CPU.ActiveCfg = Release|Any CPU
		{CD36E5A4-5F89-4838-9EB2-2854AD3B591D}.Release|Any CPU.Build.0 = Release|Any CPU
		{DEAE984A-ED19-48F4-97E0-8CAB66A8E67F}.Debug|Any CPU.ActiveCfg = Debug|Any CPU
		{DEAE984A-ED19-48F4-97E0-8CAB66A8E67F}.Debug|Any CPU.Build.0 = Debug|Any CPU
		{DEAE984A-ED19-48F4-97E0-8CAB66A8E67F}.Release|Any CPU.ActiveCfg = Release|Any CPU
		{DEAE984A-ED19-48F4-97E0-8CAB66A8E67F}.Release|Any CPU.Build.0 = Release|Any CPU
		{3822F898-FDE9-4A28-AC74-024A2E3E8CF4}.Debug|Any CPU.ActiveCfg = Debug|Any CPU
		{3822F898-FDE9-4A28-AC74-024A2E3E8CF4}.Debug|Any CPU.Build.0 = Debug|Any CPU
		{3822F898-FDE9-4A28-AC74-024A2E3E8CF4}.Release|Any CPU.ActiveCfg = Release|Any CPU
		{3822F898-FDE9-4A28-AC74-024A2E3E8CF4}.Release|Any CPU.Build.0 = Release|Any CPU
		{2AF80E52-4FF7-45ED-81B8-8777FF1E6BD9}.Debug|Any CPU.ActiveCfg = Debug|Any CPU
		{2AF80E52-4FF7-45ED-81B8-8777FF1E6BD9}.Debug|Any CPU.Build.0 = Debug|Any CPU
		{2AF80E52-4FF7-45ED-81B8-8777FF1E6BD9}.Release|Any CPU.ActiveCfg = Release|Any CPU
		{2AF80E52-4FF7-45ED-81B8-8777FF1E6BD9}.Release|Any CPU.Build.0 = Release|Any CPU
		{3E7F09C0-2C57-4E67-BF37-3698EA96ED89}.Debug|Any CPU.ActiveCfg = Debug|Any CPU
		{3E7F09C0-2C57-4E67-BF37-3698EA96ED89}.Debug|Any CPU.Build.0 = Debug|Any CPU
		{3E7F09C0-2C57-4E67-BF37-3698EA96ED89}.Release|Any CPU.ActiveCfg = Release|Any CPU
		{3E7F09C0-2C57-4E67-BF37-3698EA96ED89}.Release|Any CPU.Build.0 = Release|Any CPU
		{4E679A8F-3CF7-4399-80FA-448F9F9D6ECD}.Debug|Any CPU.ActiveCfg = Debug|Any CPU
		{4E679A8F-3CF7-4399-80FA-448F9F9D6ECD}.Debug|Any CPU.Build.0 = Debug|Any CPU
		{4E679A8F-3CF7-4399-80FA-448F9F9D6ECD}.Release|Any CPU.ActiveCfg = Release|Any CPU
		{4E679A8F-3CF7-4399-80FA-448F9F9D6ECD}.Release|Any CPU.Build.0 = Release|Any CPU
		{3B798394-9B7B-4002-8F76-213FB829B2B1}.Debug|Any CPU.ActiveCfg = Debug|Any CPU
		{3B798394-9B7B-4002-8F76-213FB829B2B1}.Debug|Any CPU.Build.0 = Debug|Any CPU
		{3B798394-9B7B-4002-8F76-213FB829B2B1}.Release|Any CPU.ActiveCfg = Release|Any CPU
		{3B798394-9B7B-4002-8F76-213FB829B2B1}.Release|Any CPU.Build.0 = Release|Any CPU
		{3CE680BA-824A-4F85-B626-ABB7C04D87F4}.Debug|Any CPU.ActiveCfg = Debug|Any CPU
		{3CE680BA-824A-4F85-B626-ABB7C04D87F4}.Debug|Any CPU.Build.0 = Debug|Any CPU
		{3CE680BA-824A-4F85-B626-ABB7C04D87F4}.Release|Any CPU.ActiveCfg = Release|Any CPU
		{3CE680BA-824A-4F85-B626-ABB7C04D87F4}.Release|Any CPU.Build.0 = Release|Any CPU
		{61BACFD0-C93C-466C-A869-5DB528B86AA7}.Debug|Any CPU.ActiveCfg = Debug|Any CPU
		{61BACFD0-C93C-466C-A869-5DB528B86AA7}.Debug|Any CPU.Build.0 = Debug|Any CPU
		{61BACFD0-C93C-466C-A869-5DB528B86AA7}.Release|Any CPU.ActiveCfg = Release|Any CPU
		{61BACFD0-C93C-466C-A869-5DB528B86AA7}.Release|Any CPU.Build.0 = Release|Any CPU
		{1CACB9AD-2582-4903-A60A-4A880491270D}.Debug|Any CPU.ActiveCfg = Debug|Any CPU
		{1CACB9AD-2582-4903-A60A-4A880491270D}.Debug|Any CPU.Build.0 = Debug|Any CPU
		{1CACB9AD-2582-4903-A60A-4A880491270D}.Release|Any CPU.ActiveCfg = Release|Any CPU
		{1CACB9AD-2582-4903-A60A-4A880491270D}.Release|Any CPU.Build.0 = Release|Any CPU
		{906F635E-3FE5-46B3-A774-C3B5A897FC3A}.Debug|Any CPU.ActiveCfg = Debug|Any CPU
		{906F635E-3FE5-46B3-A774-C3B5A897FC3A}.Debug|Any CPU.Build.0 = Debug|Any CPU
		{906F635E-3FE5-46B3-A774-C3B5A897FC3A}.Release|Any CPU.ActiveCfg = Release|Any CPU
		{906F635E-3FE5-46B3-A774-C3B5A897FC3A}.Release|Any CPU.Build.0 = Release|Any CPU
		{1313DCE4-9793-4FB8-8A6A-46CECDE52375}.Debug|Any CPU.ActiveCfg = Debug|Any CPU
		{1313DCE4-9793-4FB8-8A6A-46CECDE52375}.Debug|Any CPU.Build.0 = Debug|Any CPU
		{1313DCE4-9793-4FB8-8A6A-46CECDE52375}.Release|Any CPU.ActiveCfg = Release|Any CPU
		{1313DCE4-9793-4FB8-8A6A-46CECDE52375}.Release|Any CPU.Build.0 = Release|Any CPU
		{FE4F0DA1-9C17-484B-A8DA-991A26C660DD}.Debug|Any CPU.ActiveCfg = Debug|Any CPU
		{FE4F0DA1-9C17-484B-A8DA-991A26C660DD}.Debug|Any CPU.Build.0 = Debug|Any CPU
		{FE4F0DA1-9C17-484B-A8DA-991A26C660DD}.Release|Any CPU.ActiveCfg = Release|Any CPU
		{FE4F0DA1-9C17-484B-A8DA-991A26C660DD}.Release|Any CPU.Build.0 = Release|Any CPU
		{AB00B2E1-B640-4A3E-BEB4-301C10F6140C}.Debug|Any CPU.ActiveCfg = Debug|Any CPU
		{AB00B2E1-B640-4A3E-BEB4-301C10F6140C}.Debug|Any CPU.Build.0 = Debug|Any CPU
		{AB00B2E1-B640-4A3E-BEB4-301C10F6140C}.Release|Any CPU.ActiveCfg = Release|Any CPU
		{AB00B2E1-B640-4A3E-BEB4-301C10F6140C}.Release|Any CPU.Build.0 = Release|Any CPU
		{91E18582-77F2-472E-B3BD-E0F23CC4E1BB}.Debug|Any CPU.ActiveCfg = Debug|Any CPU
		{91E18582-77F2-472E-B3BD-E0F23CC4E1BB}.Debug|Any CPU.Build.0 = Debug|Any CPU
		{91E18582-77F2-472E-B3BD-E0F23CC4E1BB}.Release|Any CPU.ActiveCfg = Release|Any CPU
		{91E18582-77F2-472E-B3BD-E0F23CC4E1BB}.Release|Any CPU.Build.0 = Release|Any CPU
		{B48687E8-E8F0-40B2-8E20-C5D36065EDCD}.Debug|Any CPU.ActiveCfg = Debug|Any CPU
		{B48687E8-E8F0-40B2-8E20-C5D36065EDCD}.Debug|Any CPU.Build.0 = Debug|Any CPU
		{B48687E8-E8F0-40B2-8E20-C5D36065EDCD}.Release|Any CPU.ActiveCfg = Release|Any CPU
		{B48687E8-E8F0-40B2-8E20-C5D36065EDCD}.Release|Any CPU.Build.0 = Release|Any CPU
		{D42E3BEC-77BA-4B37-BC06-B155FE14C6B6}.Debug|Any CPU.ActiveCfg = Debug|Any CPU
		{D42E3BEC-77BA-4B37-BC06-B155FE14C6B6}.Debug|Any CPU.Build.0 = Debug|Any CPU
		{D42E3BEC-77BA-4B37-BC06-B155FE14C6B6}.Release|Any CPU.ActiveCfg = Release|Any CPU
		{D42E3BEC-77BA-4B37-BC06-B155FE14C6B6}.Release|Any CPU.Build.0 = Release|Any CPU
		{53D23997-5ADD-4275-9BB8-73017B478F81}.Debug|Any CPU.ActiveCfg = Debug|Any CPU
		{53D23997-5ADD-4275-9BB8-73017B478F81}.Debug|Any CPU.Build.0 = Debug|Any CPU
		{53D23997-5ADD-4275-9BB8-73017B478F81}.Release|Any CPU.ActiveCfg = Release|Any CPU
		{53D23997-5ADD-4275-9BB8-73017B478F81}.Release|Any CPU.Build.0 = Release|Any CPU
		{9B29572C-15BD-4B3B-ADDA-F3070E5CB8C5}.Debug|Any CPU.ActiveCfg = Debug|Any CPU
		{9B29572C-15BD-4B3B-ADDA-F3070E5CB8C5}.Debug|Any CPU.Build.0 = Debug|Any CPU
		{9B29572C-15BD-4B3B-ADDA-F3070E5CB8C5}.Release|Any CPU.ActiveCfg = Release|Any CPU
		{9B29572C-15BD-4B3B-ADDA-F3070E5CB8C5}.Release|Any CPU.Build.0 = Release|Any CPU
		{7EE5D527-5C87-4C97-88BB-CC2AAFA7E2BA}.Debug|Any CPU.ActiveCfg = Debug|Any CPU
		{7EE5D527-5C87-4C97-88BB-CC2AAFA7E2BA}.Debug|Any CPU.Build.0 = Debug|Any CPU
		{7EE5D527-5C87-4C97-88BB-CC2AAFA7E2BA}.Release|Any CPU.ActiveCfg = Release|Any CPU
		{7EE5D527-5C87-4C97-88BB-CC2AAFA7E2BA}.Release|Any CPU.Build.0 = Release|Any CPU
		{E484E102-2815-4804-8AE6-F2D0F67DA9A9}.Debug|Any CPU.ActiveCfg = Debug|Any CPU
		{E484E102-2815-4804-8AE6-F2D0F67DA9A9}.Debug|Any CPU.Build.0 = Debug|Any CPU
		{E484E102-2815-4804-8AE6-F2D0F67DA9A9}.Release|Any CPU.ActiveCfg = Release|Any CPU
		{E484E102-2815-4804-8AE6-F2D0F67DA9A9}.Release|Any CPU.Build.0 = Release|Any CPU
		{851D140C-F1C8-4D00-B5EF-2E92052D532D}.Debug|Any CPU.ActiveCfg = Debug|Any CPU
		{851D140C-F1C8-4D00-B5EF-2E92052D532D}.Debug|Any CPU.Build.0 = Debug|Any CPU
		{851D140C-F1C8-4D00-B5EF-2E92052D532D}.Release|Any CPU.ActiveCfg = Release|Any CPU
		{851D140C-F1C8-4D00-B5EF-2E92052D532D}.Release|Any CPU.Build.0 = Release|Any CPU
		{BD30E8FB-DB7A-4E96-8378-D894D68CF314}.Debug|Any CPU.ActiveCfg = Debug|Any CPU
		{BD30E8FB-DB7A-4E96-8378-D894D68CF314}.Debug|Any CPU.Build.0 = Debug|Any CPU
		{BD30E8FB-DB7A-4E96-8378-D894D68CF314}.Release|Any CPU.ActiveCfg = Release|Any CPU
		{BD30E8FB-DB7A-4E96-8378-D894D68CF314}.Release|Any CPU.Build.0 = Release|Any CPU
		{6866223B-4F05-41B7-9613-CBC1344D2A1A}.Debug|Any CPU.ActiveCfg = Debug|Any CPU
		{6866223B-4F05-41B7-9613-CBC1344D2A1A}.Debug|Any CPU.Build.0 = Debug|Any CPU
		{6866223B-4F05-41B7-9613-CBC1344D2A1A}.Release|Any CPU.ActiveCfg = Release|Any CPU
		{6866223B-4F05-41B7-9613-CBC1344D2A1A}.Release|Any CPU.Build.0 = Release|Any CPU
		{4D47B97C-ED86-469B-BD92-3628E3CEE9B8}.Debug|Any CPU.ActiveCfg = Debug|Any CPU
		{4D47B97C-ED86-469B-BD92-3628E3CEE9B8}.Debug|Any CPU.Build.0 = Debug|Any CPU
		{4D47B97C-ED86-469B-BD92-3628E3CEE9B8}.Release|Any CPU.ActiveCfg = Release|Any CPU
		{4D47B97C-ED86-469B-BD92-3628E3CEE9B8}.Release|Any CPU.Build.0 = Release|Any CPU
		{923DC4D9-BA83-4258-A38B-5046B3641E4A}.Debug|Any CPU.ActiveCfg = Debug|Any CPU
		{923DC4D9-BA83-4258-A38B-5046B3641E4A}.Debug|Any CPU.Build.0 = Debug|Any CPU
		{923DC4D9-BA83-4258-A38B-5046B3641E4A}.Release|Any CPU.ActiveCfg = Release|Any CPU
		{923DC4D9-BA83-4258-A38B-5046B3641E4A}.Release|Any CPU.Build.0 = Release|Any CPU
		{86CBFC76-31F4-4DAB-A57C-BB9AA048B93A}.Debug|Any CPU.ActiveCfg = Debug|Any CPU
		{86CBFC76-31F4-4DAB-A57C-BB9AA048B93A}.Debug|Any CPU.Build.0 = Debug|Any CPU
		{86CBFC76-31F4-4DAB-A57C-BB9AA048B93A}.Release|Any CPU.ActiveCfg = Release|Any CPU
		{86CBFC76-31F4-4DAB-A57C-BB9AA048B93A}.Release|Any CPU.Build.0 = Release|Any CPU
		{B7B7D770-C763-4EDF-8467-BACABBD10A2B}.Debug|Any CPU.ActiveCfg = Debug|Any CPU
		{B7B7D770-C763-4EDF-8467-BACABBD10A2B}.Debug|Any CPU.Build.0 = Debug|Any CPU
		{B7B7D770-C763-4EDF-8467-BACABBD10A2B}.Release|Any CPU.ActiveCfg = Release|Any CPU
		{B7B7D770-C763-4EDF-8467-BACABBD10A2B}.Release|Any CPU.Build.0 = Release|Any CPU
		{8D0E0453-CC57-40A9-A17C-6D5ECA95698A}.Debug|Any CPU.ActiveCfg = Debug|Any CPU
		{8D0E0453-CC57-40A9-A17C-6D5ECA95698A}.Debug|Any CPU.Build.0 = Debug|Any CPU
		{8D0E0453-CC57-40A9-A17C-6D5ECA95698A}.Release|Any CPU.ActiveCfg = Release|Any CPU
		{8D0E0453-CC57-40A9-A17C-6D5ECA95698A}.Release|Any CPU.Build.0 = Release|Any CPU
		{F540CFCF-23AF-4B75-8656-216CEF4624BC}.Debug|Any CPU.ActiveCfg = Debug|Any CPU
		{F540CFCF-23AF-4B75-8656-216CEF4624BC}.Debug|Any CPU.Build.0 = Debug|Any CPU
		{F540CFCF-23AF-4B75-8656-216CEF4624BC}.Release|Any CPU.ActiveCfg = Release|Any CPU
		{F540CFCF-23AF-4B75-8656-216CEF4624BC}.Release|Any CPU.Build.0 = Release|Any CPU
		{872B32CE-D95E-446D-B8E5-0361DB069DE3}.Debug|Any CPU.ActiveCfg = Debug|Any CPU
		{872B32CE-D95E-446D-B8E5-0361DB069DE3}.Debug|Any CPU.Build.0 = Debug|Any CPU
		{872B32CE-D95E-446D-B8E5-0361DB069DE3}.Release|Any CPU.ActiveCfg = Release|Any CPU
		{872B32CE-D95E-446D-B8E5-0361DB069DE3}.Release|Any CPU.Build.0 = Release|Any CPU
		{A0B9C20F-AA4E-4AC4-A5FD-5A59B6DC239D}.Debug|Any CPU.ActiveCfg = Debug|Any CPU
		{A0B9C20F-AA4E-4AC4-A5FD-5A59B6DC239D}.Debug|Any CPU.Build.0 = Debug|Any CPU
		{A0B9C20F-AA4E-4AC4-A5FD-5A59B6DC239D}.Release|Any CPU.ActiveCfg = Release|Any CPU
		{A0B9C20F-AA4E-4AC4-A5FD-5A59B6DC239D}.Release|Any CPU.Build.0 = Release|Any CPU
		{D7BD9EBE-CA42-445E-B582-DB6531BEDAFB}.Debug|Any CPU.ActiveCfg = Debug|Any CPU
		{D7BD9EBE-CA42-445E-B582-DB6531BEDAFB}.Debug|Any CPU.Build.0 = Debug|Any CPU
		{D7BD9EBE-CA42-445E-B582-DB6531BEDAFB}.Release|Any CPU.ActiveCfg = Release|Any CPU
		{D7BD9EBE-CA42-445E-B582-DB6531BEDAFB}.Release|Any CPU.Build.0 = Release|Any CPU
		{52BB4DCB-4972-44CA-859B-5080B00D646A}.Debug|Any CPU.ActiveCfg = Debug|Any CPU
		{52BB4DCB-4972-44CA-859B-5080B00D646A}.Debug|Any CPU.Build.0 = Debug|Any CPU
		{52BB4DCB-4972-44CA-859B-5080B00D646A}.Release|Any CPU.ActiveCfg = Release|Any CPU
		{52BB4DCB-4972-44CA-859B-5080B00D646A}.Release|Any CPU.Build.0 = Release|Any CPU
		{D43512E5-8284-4D37-95C2-FCD0BA2976D1}.Debug|Any CPU.ActiveCfg = Debug|Any CPU
		{D43512E5-8284-4D37-95C2-FCD0BA2976D1}.Debug|Any CPU.Build.0 = Debug|Any CPU
		{D43512E5-8284-4D37-95C2-FCD0BA2976D1}.Release|Any CPU.ActiveCfg = Release|Any CPU
		{D43512E5-8284-4D37-95C2-FCD0BA2976D1}.Release|Any CPU.Build.0 = Release|Any CPU
		{2F9F64D4-CC6C-4F90-87DB-B118ACECD4BE}.Debug|Any CPU.ActiveCfg = Debug|Any CPU
		{2F9F64D4-CC6C-4F90-87DB-B118ACECD4BE}.Debug|Any CPU.Build.0 = Debug|Any CPU
		{2F9F64D4-CC6C-4F90-87DB-B118ACECD4BE}.Release|Any CPU.ActiveCfg = Release|Any CPU
		{2F9F64D4-CC6C-4F90-87DB-B118ACECD4BE}.Release|Any CPU.Build.0 = Release|Any CPU
		{E3482449-5993-499A-951F-A742887FAFB5}.Debug|Any CPU.ActiveCfg = Debug|Any CPU
		{E3482449-5993-499A-951F-A742887FAFB5}.Debug|Any CPU.Build.0 = Debug|Any CPU
		{E3482449-5993-499A-951F-A742887FAFB5}.Release|Any CPU.ActiveCfg = Release|Any CPU
		{E3482449-5993-499A-951F-A742887FAFB5}.Release|Any CPU.Build.0 = Release|Any CPU
		{B09D9240-79AF-486E-A8E1-EA08F17BFE7E}.Debug|Any CPU.ActiveCfg = Debug|Any CPU
		{B09D9240-79AF-486E-A8E1-EA08F17BFE7E}.Debug|Any CPU.Build.0 = Debug|Any CPU
		{B09D9240-79AF-486E-A8E1-EA08F17BFE7E}.Release|Any CPU.ActiveCfg = Release|Any CPU
		{B09D9240-79AF-486E-A8E1-EA08F17BFE7E}.Release|Any CPU.Build.0 = Release|Any CPU
		{F61B0E27-6EC8-479A-9C4C-162FACC98A06}.Debug|Any CPU.ActiveCfg = Debug|Any CPU
		{F61B0E27-6EC8-479A-9C4C-162FACC98A06}.Debug|Any CPU.Build.0 = Debug|Any CPU
		{F61B0E27-6EC8-479A-9C4C-162FACC98A06}.Release|Any CPU.ActiveCfg = Release|Any CPU
		{F61B0E27-6EC8-479A-9C4C-162FACC98A06}.Release|Any CPU.Build.0 = Release|Any CPU
		{8417EB82-70FA-4A28-BF57-C27C46B05BF2}.Debug|Any CPU.ActiveCfg = Debug|Any CPU
		{8417EB82-70FA-4A28-BF57-C27C46B05BF2}.Debug|Any CPU.Build.0 = Debug|Any CPU
		{8417EB82-70FA-4A28-BF57-C27C46B05BF2}.Release|Any CPU.ActiveCfg = Release|Any CPU
		{8417EB82-70FA-4A28-BF57-C27C46B05BF2}.Release|Any CPU.Build.0 = Release|Any CPU
		{D1F7D3EB-FD39-4C4E-8D30-72B5D4C10DE5}.Debug|Any CPU.ActiveCfg = Debug|Any CPU
		{D1F7D3EB-FD39-4C4E-8D30-72B5D4C10DE5}.Debug|Any CPU.Build.0 = Debug|Any CPU
		{D1F7D3EB-FD39-4C4E-8D30-72B5D4C10DE5}.Release|Any CPU.ActiveCfg = Release|Any CPU
		{D1F7D3EB-FD39-4C4E-8D30-72B5D4C10DE5}.Release|Any CPU.Build.0 = Release|Any CPU
		{DA811A97-B738-4969-905F-E29336BAEF22}.Debug|Any CPU.ActiveCfg = Debug|Any CPU
		{DA811A97-B738-4969-905F-E29336BAEF22}.Debug|Any CPU.Build.0 = Debug|Any CPU
		{DA811A97-B738-4969-905F-E29336BAEF22}.Release|Any CPU.ActiveCfg = Release|Any CPU
		{DA811A97-B738-4969-905F-E29336BAEF22}.Release|Any CPU.Build.0 = Release|Any CPU
		{D179113D-888A-4EF0-A318-00969EB714A2}.Debug|Any CPU.ActiveCfg = Debug|Any CPU
		{D179113D-888A-4EF0-A318-00969EB714A2}.Debug|Any CPU.Build.0 = Debug|Any CPU
		{D179113D-888A-4EF0-A318-00969EB714A2}.Release|Any CPU.ActiveCfg = Release|Any CPU
		{D179113D-888A-4EF0-A318-00969EB714A2}.Release|Any CPU.Build.0 = Release|Any CPU
		{B5BE0586-25B3-4107-9D9D-5EEF238B8693}.Debug|Any CPU.ActiveCfg = Debug|Any CPU
		{B5BE0586-25B3-4107-9D9D-5EEF238B8693}.Debug|Any CPU.Build.0 = Debug|Any CPU
		{B5BE0586-25B3-4107-9D9D-5EEF238B8693}.Release|Any CPU.ActiveCfg = Release|Any CPU
		{B5BE0586-25B3-4107-9D9D-5EEF238B8693}.Release|Any CPU.Build.0 = Release|Any CPU
		{F95D1B3D-032B-4B86-81E5-9FD5D3F9BE45}.Debug|Any CPU.ActiveCfg = Debug|Any CPU
		{F95D1B3D-032B-4B86-81E5-9FD5D3F9BE45}.Debug|Any CPU.Build.0 = Debug|Any CPU
		{F95D1B3D-032B-4B86-81E5-9FD5D3F9BE45}.Release|Any CPU.ActiveCfg = Release|Any CPU
		{F95D1B3D-032B-4B86-81E5-9FD5D3F9BE45}.Release|Any CPU.Build.0 = Release|Any CPU
		{D791E93F-D714-4D26-8ECB-E2D991C4A352}.Debug|Any CPU.ActiveCfg = Debug|Any CPU
		{D791E93F-D714-4D26-8ECB-E2D991C4A352}.Debug|Any CPU.Build.0 = Debug|Any CPU
		{D791E93F-D714-4D26-8ECB-E2D991C4A352}.Release|Any CPU.ActiveCfg = Release|Any CPU
		{D791E93F-D714-4D26-8ECB-E2D991C4A352}.Release|Any CPU.Build.0 = Release|Any CPU
		{92D83007-7833-4FB6-BFF9-8120E9D9512C}.Debug|Any CPU.ActiveCfg = Debug|Any CPU
		{92D83007-7833-4FB6-BFF9-8120E9D9512C}.Debug|Any CPU.Build.0 = Debug|Any CPU
		{92D83007-7833-4FB6-BFF9-8120E9D9512C}.Release|Any CPU.ActiveCfg = Release|Any CPU
		{92D83007-7833-4FB6-BFF9-8120E9D9512C}.Release|Any CPU.Build.0 = Release|Any CPU
		{1CE1ADB5-4908-4BD5-9BAD-5971F0C7E9CE}.Debug|Any CPU.ActiveCfg = Debug|Any CPU
		{1CE1ADB5-4908-4BD5-9BAD-5971F0C7E9CE}.Debug|Any CPU.Build.0 = Debug|Any CPU
		{1CE1ADB5-4908-4BD5-9BAD-5971F0C7E9CE}.Release|Any CPU.ActiveCfg = Release|Any CPU
		{1CE1ADB5-4908-4BD5-9BAD-5971F0C7E9CE}.Release|Any CPU.Build.0 = Release|Any CPU
		{C4B00FC4-7CEA-41C1-A076-948EDF1664F0}.Debug|Any CPU.ActiveCfg = Debug|Any CPU
		{C4B00FC4-7CEA-41C1-A076-948EDF1664F0}.Debug|Any CPU.Build.0 = Debug|Any CPU
		{C4B00FC4-7CEA-41C1-A076-948EDF1664F0}.Release|Any CPU.ActiveCfg = Release|Any CPU
		{C4B00FC4-7CEA-41C1-A076-948EDF1664F0}.Release|Any CPU.Build.0 = Release|Any CPU
		{1DCE968B-730C-480E-8C26-6944D7156A4B}.Debug|Any CPU.ActiveCfg = Debug|Any CPU
		{1DCE968B-730C-480E-8C26-6944D7156A4B}.Debug|Any CPU.Build.0 = Debug|Any CPU
		{1DCE968B-730C-480E-8C26-6944D7156A4B}.Release|Any CPU.ActiveCfg = Release|Any CPU
		{1DCE968B-730C-480E-8C26-6944D7156A4B}.Release|Any CPU.Build.0 = Release|Any CPU
		{47F2E73F-CCCD-4FA6-A951-4C9CA2802216}.Debug|Any CPU.ActiveCfg = Debug|Any CPU
		{47F2E73F-CCCD-4FA6-A951-4C9CA2802216}.Debug|Any CPU.Build.0 = Debug|Any CPU
		{47F2E73F-CCCD-4FA6-A951-4C9CA2802216}.Release|Any CPU.ActiveCfg = Release|Any CPU
		{47F2E73F-CCCD-4FA6-A951-4C9CA2802216}.Release|Any CPU.Build.0 = Release|Any CPU
		{FA5F9182-33A7-4922-B03F-819213787D94}.Debug|Any CPU.ActiveCfg = Debug|Any CPU
		{FA5F9182-33A7-4922-B03F-819213787D94}.Debug|Any CPU.Build.0 = Debug|Any CPU
		{FA5F9182-33A7-4922-B03F-819213787D94}.Release|Any CPU.ActiveCfg = Release|Any CPU
		{FA5F9182-33A7-4922-B03F-819213787D94}.Release|Any CPU.Build.0 = Release|Any CPU
		{0756FA40-8AE3-4194-8BE4-5769D45A5F97}.Debug|Any CPU.ActiveCfg = Debug|Any CPU
		{0756FA40-8AE3-4194-8BE4-5769D45A5F97}.Debug|Any CPU.Build.0 = Debug|Any CPU
		{0756FA40-8AE3-4194-8BE4-5769D45A5F97}.Release|Any CPU.ActiveCfg = Release|Any CPU
		{0756FA40-8AE3-4194-8BE4-5769D45A5F97}.Release|Any CPU.Build.0 = Release|Any CPU
		{06348664-F06E-42CB-817B-63C9C066F04D}.Debug|Any CPU.ActiveCfg = Debug|Any CPU
		{06348664-F06E-42CB-817B-63C9C066F04D}.Debug|Any CPU.Build.0 = Debug|Any CPU
		{06348664-F06E-42CB-817B-63C9C066F04D}.Release|Any CPU.ActiveCfg = Release|Any CPU
		{06348664-F06E-42CB-817B-63C9C066F04D}.Release|Any CPU.Build.0 = Release|Any CPU
		{EC66C9F5-7B53-4966-A8BC-7789EDC8033E}.Debug|Any CPU.ActiveCfg = Debug|Any CPU
		{EC66C9F5-7B53-4966-A8BC-7789EDC8033E}.Debug|Any CPU.Build.0 = Debug|Any CPU
		{EC66C9F5-7B53-4966-A8BC-7789EDC8033E}.Release|Any CPU.ActiveCfg = Release|Any CPU
		{EC66C9F5-7B53-4966-A8BC-7789EDC8033E}.Release|Any CPU.Build.0 = Release|Any CPU
		{88C9FC88-3A21-4B61-B11D-9CBDF2589B64}.Debug|Any CPU.ActiveCfg = Debug|Any CPU
		{88C9FC88-3A21-4B61-B11D-9CBDF2589B64}.Debug|Any CPU.Build.0 = Debug|Any CPU
		{88C9FC88-3A21-4B61-B11D-9CBDF2589B64}.Release|Any CPU.ActiveCfg = Release|Any CPU
		{88C9FC88-3A21-4B61-B11D-9CBDF2589B64}.Release|Any CPU.Build.0 = Release|Any CPU
		{81235948-2630-4A29-81CD-9FEF2A610578}.Debug|Any CPU.ActiveCfg = Debug|Any CPU
		{81235948-2630-4A29-81CD-9FEF2A610578}.Debug|Any CPU.Build.0 = Debug|Any CPU
		{81235948-2630-4A29-81CD-9FEF2A610578}.Release|Any CPU.ActiveCfg = Release|Any CPU
		{81235948-2630-4A29-81CD-9FEF2A610578}.Release|Any CPU.Build.0 = Release|Any CPU
		{BA746452-F0B7-4A11-AEE3-84B5FBC84AF0}.Debug|Any CPU.ActiveCfg = Debug|Any CPU
		{BA746452-F0B7-4A11-AEE3-84B5FBC84AF0}.Debug|Any CPU.Build.0 = Debug|Any CPU
		{BA746452-F0B7-4A11-AEE3-84B5FBC84AF0}.Release|Any CPU.ActiveCfg = Release|Any CPU
		{BA746452-F0B7-4A11-AEE3-84B5FBC84AF0}.Release|Any CPU.Build.0 = Release|Any CPU
		{0C6F02A6-F2D8-4D61-8E58-E7121522803D}.Debug|Any CPU.ActiveCfg = Debug|Any CPU
		{0C6F02A6-F2D8-4D61-8E58-E7121522803D}.Debug|Any CPU.Build.0 = Debug|Any CPU
		{0C6F02A6-F2D8-4D61-8E58-E7121522803D}.Release|Any CPU.ActiveCfg = Release|Any CPU
		{0C6F02A6-F2D8-4D61-8E58-E7121522803D}.Release|Any CPU.Build.0 = Release|Any CPU
		{CF10F356-4E1B-4689-9B89-77E70845598E}.Debug|Any CPU.ActiveCfg = Debug|Any CPU
		{CF10F356-4E1B-4689-9B89-77E70845598E}.Debug|Any CPU.Build.0 = Debug|Any CPU
		{CF10F356-4E1B-4689-9B89-77E70845598E}.Release|Any CPU.ActiveCfg = Release|Any CPU
		{CF10F356-4E1B-4689-9B89-77E70845598E}.Release|Any CPU.Build.0 = Release|Any CPU
		{4C9CBD64-A493-4D3E-85A0-2D9852CD4795}.Debug|Any CPU.ActiveCfg = Debug|Any CPU
		{4C9CBD64-A493-4D3E-85A0-2D9852CD4795}.Debug|Any CPU.Build.0 = Debug|Any CPU
		{4C9CBD64-A493-4D3E-85A0-2D9852CD4795}.Release|Any CPU.ActiveCfg = Release|Any CPU
		{4C9CBD64-A493-4D3E-85A0-2D9852CD4795}.Release|Any CPU.Build.0 = Release|Any CPU
		{2374F2A9-3668-4E43-AB0B-303AEBAB8F03}.Debug|Any CPU.ActiveCfg = Debug|Any CPU
		{2374F2A9-3668-4E43-AB0B-303AEBAB8F03}.Debug|Any CPU.Build.0 = Debug|Any CPU
		{2374F2A9-3668-4E43-AB0B-303AEBAB8F03}.Release|Any CPU.ActiveCfg = Release|Any CPU
		{2374F2A9-3668-4E43-AB0B-303AEBAB8F03}.Release|Any CPU.Build.0 = Release|Any CPU
		{AC478AED-2F2D-4BCA-8FFE-72EAC0271F6F}.Debug|Any CPU.ActiveCfg = Debug|Any CPU
		{AC478AED-2F2D-4BCA-8FFE-72EAC0271F6F}.Debug|Any CPU.Build.0 = Debug|Any CPU
		{AC478AED-2F2D-4BCA-8FFE-72EAC0271F6F}.Release|Any CPU.ActiveCfg = Release|Any CPU
		{AC478AED-2F2D-4BCA-8FFE-72EAC0271F6F}.Release|Any CPU.Build.0 = Release|Any CPU
		{95FC824B-FB77-42B7-A235-142C1479CC05}.Debug|Any CPU.ActiveCfg = Debug|Any CPU
		{95FC824B-FB77-42B7-A235-142C1479CC05}.Debug|Any CPU.Build.0 = Debug|Any CPU
		{95FC824B-FB77-42B7-A235-142C1479CC05}.Release|Any CPU.ActiveCfg = Release|Any CPU
		{95FC824B-FB77-42B7-A235-142C1479CC05}.Release|Any CPU.Build.0 = Release|Any CPU
		{6E6FAFDE-C164-43F6-979E-942E18789C1C}.Debug|Any CPU.ActiveCfg = Debug|Any CPU
		{6E6FAFDE-C164-43F6-979E-942E18789C1C}.Debug|Any CPU.Build.0 = Debug|Any CPU
		{6E6FAFDE-C164-43F6-979E-942E18789C1C}.Release|Any CPU.ActiveCfg = Release|Any CPU
		{6E6FAFDE-C164-43F6-979E-942E18789C1C}.Release|Any CPU.Build.0 = Release|Any CPU
		{08235946-A496-4901-8252-7C67DCA8439D}.Debug|Any CPU.ActiveCfg = Debug|Any CPU
		{08235946-A496-4901-8252-7C67DCA8439D}.Debug|Any CPU.Build.0 = Debug|Any CPU
		{08235946-A496-4901-8252-7C67DCA8439D}.Release|Any CPU.ActiveCfg = Release|Any CPU
		{08235946-A496-4901-8252-7C67DCA8439D}.Release|Any CPU.Build.0 = Release|Any CPU
		{024CECE3-09FC-4ABD-B3E2-65FA35109511}.Debug|Any CPU.ActiveCfg = Debug|Any CPU
		{024CECE3-09FC-4ABD-B3E2-65FA35109511}.Debug|Any CPU.Build.0 = Debug|Any CPU
		{024CECE3-09FC-4ABD-B3E2-65FA35109511}.Release|Any CPU.ActiveCfg = Release|Any CPU
		{024CECE3-09FC-4ABD-B3E2-65FA35109511}.Release|Any CPU.Build.0 = Release|Any CPU
		{D28023A3-340C-4840-B17C-87DF82CEC209}.Debug|Any CPU.ActiveCfg = Debug|Any CPU
		{D28023A3-340C-4840-B17C-87DF82CEC209}.Debug|Any CPU.Build.0 = Debug|Any CPU
		{D28023A3-340C-4840-B17C-87DF82CEC209}.Release|Any CPU.ActiveCfg = Release|Any CPU
		{D28023A3-340C-4840-B17C-87DF82CEC209}.Release|Any CPU.Build.0 = Release|Any CPU
		{C9196662-7848-4FA2-AE04-4E19A04A19CD}.Debug|Any CPU.ActiveCfg = Debug|Any CPU
		{C9196662-7848-4FA2-AE04-4E19A04A19CD}.Debug|Any CPU.Build.0 = Debug|Any CPU
		{C9196662-7848-4FA2-AE04-4E19A04A19CD}.Release|Any CPU.ActiveCfg = Release|Any CPU
		{C9196662-7848-4FA2-AE04-4E19A04A19CD}.Release|Any CPU.Build.0 = Release|Any CPU
		{B844D0B4-C329-4BA4-BBF7-0A9F7E7EE792}.Debug|Any CPU.ActiveCfg = Debug|Any CPU
		{B844D0B4-C329-4BA4-BBF7-0A9F7E7EE792}.Debug|Any CPU.Build.0 = Debug|Any CPU
		{B844D0B4-C329-4BA4-BBF7-0A9F7E7EE792}.Release|Any CPU.ActiveCfg = Release|Any CPU
		{B844D0B4-C329-4BA4-BBF7-0A9F7E7EE792}.Release|Any CPU.Build.0 = Release|Any CPU
		{1B2AF5C8-F054-4407-B936-21C81F5B920A}.Debug|Any CPU.ActiveCfg = Debug|Any CPU
		{1B2AF5C8-F054-4407-B936-21C81F5B920A}.Debug|Any CPU.Build.0 = Debug|Any CPU
		{1B2AF5C8-F054-4407-B936-21C81F5B920A}.Release|Any CPU.ActiveCfg = Release|Any CPU
		{1B2AF5C8-F054-4407-B936-21C81F5B920A}.Release|Any CPU.Build.0 = Release|Any CPU
	EndGlobalSection
	GlobalSection(SolutionProperties) = preSolution
		HideSolutionNode = FALSE
	EndGlobalSection
	GlobalSection(ExtensibilityGlobals) = postSolution
		SolutionGuid = {C0C6DD0C-77FA-48E9-B50E-FD23C82B4AD3}
	EndGlobalSection
EndGlobal
